{
  "object": {
    "pins": [
      {
        "package": "CoreXLSX",
        "repositoryURL": "https://github.com/CoreOffice/CoreXLSX",
        "state": {
          "branch": null,
          "revision": "1f5b7bf54ad901ff4126f5655254681a3577a366",
          "version": "0.13.0"
        }
      },
      {
        "package": "MemoZ",
        "repositoryURL": "https://github.com/marcprux/MemoZ",
        "state": {
          "branch": "master",
          "revision": "6237802bd27385e433556f15f0f7f33c6f121242",
          "version": null
        }
      },
      {
        "package": "SwiftProtobuf",
        "repositoryURL": "https://github.com/apple/swift-protobuf/",
        "state": {
          "branch": null,
          "revision": "0279688c9fc5a40028e1b5bb0cb56534a45a6020",
          "version": "1.12.0"
        }
      },
      {
        "package": "XMLCoder",
        "repositoryURL": "https://github.com/MaxDesiatov/XMLCoder.git",
        "state": {
          "branch": null,
          "revision": "ac411bd6ab342780be0dfe6f679410f791d751d9",
          "version": "0.11.1"
        }
      },
      {
        "package": "ZIPFoundation",
        "repositoryURL": "https://github.com/glimpseio/ZIPFoundation",
        "state": {
          "branch": "development",
          "revision": "7584b1037df73fccd7a30fbbf123488374c7e857",
          "version": null
        }
      }
    ]
  },
  "version": 1
}
