// !$*UTF8*$!
{
	archiveVersion = 1;
	classes = {
	};
	objectVersion = 48;
	objects = {

/* Begin PBXBuildFile section */
		490698C42026787A0082F572 /* test-documents in Resources */ = {isa = PBXBuildFile; fileRef = 490698B4202678790082F572 /* test-documents */; };
		490F7E8A2019270000F97353 /* Guesswork.swift in Sources */ = {isa = PBXBuildFile; fileRef = 490F7E892019270000F97353 /* Guesswork.swift */; };
		490F7E8C2019270000F97353 /* Assets.xcassets in Resources */ = {isa = PBXBuildFile; fileRef = 490F7E8B2019270000F97353 /* Assets.xcassets */; };
		490F7E8F2019270000F97353 /* MainMenu.xib in Resources */ = {isa = PBXBuildFile; fileRef = 490F7E8D2019270000F97353 /* MainMenu.xib */; };
		490F7E9B2019270000F97353 /* GuessworkTests.swift in Sources */ = {isa = PBXBuildFile; fileRef = 490F7E9A2019270000F97353 /* GuessworkTests.swift */; };
		490F7EA62019270000F97353 /* GuessworkUITests.swift in Sources */ = {isa = PBXBuildFile; fileRef = 490F7EA52019270000F97353 /* GuessworkUITests.swift */; };
		490F7EC12019275F00F97353 /* Tiki.framework in Frameworks */ = {isa = PBXBuildFile; fileRef = 490F7EB82019275E00F97353 /* Tiki.framework */; };
		490F7EC82019275F00F97353 /* TikiTests.swift in Sources */ = {isa = PBXBuildFile; fileRef = 490F7EC72019275F00F97353 /* TikiTests.swift */; };
		490F7ECA2019275F00F97353 /* Tiki.h in Headers */ = {isa = PBXBuildFile; fileRef = 490F7EBA2019275F00F97353 /* Tiki.h */; settings = {ATTRIBUTES = (Public, ); }; };
		490F7ECD2019275F00F97353 /* Tiki.framework in Frameworks */ = {isa = PBXBuildFile; fileRef = 490F7EB82019275E00F97353 /* Tiki.framework */; };
		490F7ECE2019275F00F97353 /* Tiki.framework in Embed Frameworks */ = {isa = PBXBuildFile; fileRef = 490F7EB82019275E00F97353 /* Tiki.framework */; settings = {ATTRIBUTES = (CodeSignOnCopy, RemoveHeadersOnCopy, ); }; };
		490F7ED72019279C00F97353 /* TikiTorch.swift in Sources */ = {isa = PBXBuildFile; fileRef = 490F7ED62019279C00F97353 /* TikiTorch.swift */; };
		490F7ED92019291900F97353 /* tika-app-1.17.jar in Resources */ = {isa = PBXBuildFile; fileRef = 490F7ED82019291900F97353 /* tika-app-1.17.jar */; };
		493EE716201F849D0033C362 /* Glue.framework in Frameworks */ = {isa = PBXBuildFile; fileRef = 493EE717201F849D0033C362 /* Glue.framework */; };
		49AB075120255461003FA6CE /* GuessWorkDocument.css in Resources */ = {isa = PBXBuildFile; fileRef = 49AB074120255461003FA6CE /* GuessWorkDocument.css */; };
		49B6C09C2020E4A200FA7A57 /* StoreKit.framework in Frameworks */ = {isa = PBXBuildFile; fileRef = 49B6C09B2020E4A200FA7A57 /* StoreKit.framework */; };
		49CBE2A120192A5F00C6322C /* Glib.framework in Frameworks */ = {isa = PBXBuildFile; fileRef = 49CBE2A220192A5F00C6322C /* Glib.framework */; };
		49CBE2A320192A5F00C6322C /* JavaLib.framework in Frameworks */ = {isa = PBXBuildFile; fileRef = 49CBE29220192A4400C6322C /* JavaLib.framework */; };
		49CBE2A420192A5F00C6322C /* KanjiLib.framework in Frameworks */ = {isa = PBXBuildFile; fileRef = 49CBE29420192A4400C6322C /* KanjiLib.framework */; };
		49CBE2A520192A5F00C6322C /* KanjiScript.framework in Frameworks */ = {isa = PBXBuildFile; fileRef = 49CBE29820192A4400C6322C /* KanjiScript.framework */; };
		49CBE2A620192A5F00C6322C /* KanjiVM.framework in Frameworks */ = {isa = PBXBuildFile; fileRef = 49CBE28A20192A4400C6322C /* KanjiVM.framework */; };
		49CBE2A82019314900C6322C /* TikaSample.docx in Resources */ = {isa = PBXBuildFile; fileRef = 49CBE2A72019314900C6322C /* TikaSample.docx */; };
		49CBE2AA201A240200C6322C /* test_recursive_embedded.docx in Resources */ = {isa = PBXBuildFile; fileRef = 49CBE2A9201A240200C6322C /* test_recursive_embedded.docx */; };
		49CBE2AD201A240B00C6322C /* test.doc in Resources */ = {isa = PBXBuildFile; fileRef = 49CBE2AB201A240B00C6322C /* test.doc */; };
		49CBE2AE201A240B00C6322C /* test2.doc in Resources */ = {isa = PBXBuildFile; fileRef = 49CBE2AC201A240B00C6322C /* test2.doc */; };
/* End PBXBuildFile section */

/* Begin PBXContainerItemProxy section */
		490F7E972019270000F97353 /* PBXContainerItemProxy */ = {
			isa = PBXContainerItemProxy;
			containerPortal = 490F7E7E2019270000F97353 /* Project object */;
			proxyType = 1;
			remoteGlobalIDString = 490F7E852019270000F97353;
			remoteInfo = Guesswork;
		};
		490F7EA22019270000F97353 /* PBXContainerItemProxy */ = {
			isa = PBXContainerItemProxy;
			containerPortal = 490F7E7E2019270000F97353 /* Project object */;
			proxyType = 1;
			remoteGlobalIDString = 490F7E852019270000F97353;
			remoteInfo = Guesswork;
		};
		490F7EC22019275F00F97353 /* PBXContainerItemProxy */ = {
			isa = PBXContainerItemProxy;
			containerPortal = 490F7E7E2019270000F97353 /* Project object */;
			proxyType = 1;
			remoteGlobalIDString = 490F7EB72019275E00F97353;
			remoteInfo = Tiki;
		};
		490F7EC42019275F00F97353 /* PBXContainerItemProxy */ = {
			isa = PBXContainerItemProxy;
			containerPortal = 490F7E7E2019270000F97353 /* Project object */;
			proxyType = 1;
			remoteGlobalIDString = 490F7E852019270000F97353;
			remoteInfo = Guesswork;
		};
		490F7ECB2019275F00F97353 /* PBXContainerItemProxy */ = {
			isa = PBXContainerItemProxy;
			containerPortal = 490F7E7E2019270000F97353 /* Project object */;
			proxyType = 1;
			remoteGlobalIDString = 490F7EB72019275E00F97353;
			remoteInfo = Tiki;
		};
		49CBE28920192A4400C6322C /* PBXContainerItemProxy */ = {
			isa = PBXContainerItemProxy;
			containerPortal = 49CBE27A20192A4400C6322C /* Kanji.xcodeproj */;
			proxyType = 2;
			remoteGlobalIDString = 7EA888051AAAB6DF00C6DBB3;
			remoteInfo = KanjiVM;
		};
		49CBE28B20192A4400C6322C /* PBXContainerItemProxy */ = {
			isa = PBXContainerItemProxy;
			containerPortal = 49CBE27A20192A4400C6322C /* Kanji.xcodeproj */;
			proxyType = 2;
			remoteGlobalIDString = 7EA888101AAAB6DF00C6DBB3;
			remoteInfo = KanjiVMTests;
		};
		49CBE28D20192A4400C6322C /* PBXContainerItemProxy */ = {
			isa = PBXContainerItemProxy;
			containerPortal = 49CBE27A20192A4400C6322C /* Kanji.xcodeproj */;
			proxyType = 2;
			remoteGlobalIDString = 7E89301E1BEEB61B00F245C5;
			remoteInfo = KanjiAvian;
		};
		49CBE28F20192A4400C6322C /* PBXContainerItemProxy */ = {
			isa = PBXContainerItemProxy;
			containerPortal = 49CBE27A20192A4400C6322C /* Kanji.xcodeproj */;
			proxyType = 2;
			remoteGlobalIDString = 7E8930271BEEB61C00F245C5;
			remoteInfo = KanjiAvianTests;
		};
		49CBE29120192A4400C6322C /* PBXContainerItemProxy */ = {
			isa = PBXContainerItemProxy;
			containerPortal = 49CBE27A20192A4400C6322C /* Kanji.xcodeproj */;
			proxyType = 2;
			remoteGlobalIDString = 7E35AE2E1BD7D7C100E93E09;
			remoteInfo = JavaLib;
		};
		49CBE29320192A4400C6322C /* PBXContainerItemProxy */ = {
			isa = PBXContainerItemProxy;
			containerPortal = 49CBE27A20192A4400C6322C /* Kanji.xcodeproj */;
			proxyType = 2;
			remoteGlobalIDString = 7E0E8C241B6FA7170003FEC6;
			remoteInfo = KanjiLib;
		};
		49CBE29520192A4400C6322C /* PBXContainerItemProxy */ = {
			isa = PBXContainerItemProxy;
			containerPortal = 49CBE27A20192A4400C6322C /* Kanji.xcodeproj */;
			proxyType = 2;
			remoteGlobalIDString = 7E0E8C2D1B6FA7170003FEC6;
			remoteInfo = KanjiLibTests;
		};
		49CBE29720192A4400C6322C /* PBXContainerItemProxy */ = {
			isa = PBXContainerItemProxy;
			containerPortal = 49CBE27A20192A4400C6322C /* Kanji.xcodeproj */;
			proxyType = 2;
			remoteGlobalIDString = 7E5ABD941B60483B00F11C77;
			remoteInfo = KanjiScript;
		};
		49CBE29920192A4400C6322C /* PBXContainerItemProxy */ = {
			isa = PBXContainerItemProxy;
			containerPortal = 49CBE27A20192A4400C6322C /* Kanji.xcodeproj */;
			proxyType = 2;
			remoteGlobalIDString = 7E5ABD9D1B60483C00F11C77;
			remoteInfo = KanjiScriptTests;
		};
		49CBE29B20192A4400C6322C /* PBXContainerItemProxy */ = {
			isa = PBXContainerItemProxy;
			containerPortal = 49CBE27A20192A4400C6322C /* Kanji.xcodeproj */;
			proxyType = 2;
			remoteGlobalIDString = 7E5D8B471B66F3250038E02B;
			remoteInfo = KanjiGen;
		};
		49CBE29D20192A4400C6322C /* PBXContainerItemProxy */ = {
			isa = PBXContainerItemProxy;
			containerPortal = 49CBE27A20192A4400C6322C /* Kanji.xcodeproj */;
			proxyType = 2;
			remoteGlobalIDString = 7E5D8B501B66F3260038E02B;
			remoteInfo = KanjiGenTests;
		};
		49CBE29F20192A4400C6322C /* PBXContainerItemProxy */ = {
			isa = PBXContainerItemProxy;
			containerPortal = 49CBE27A20192A4400C6322C /* Kanji.xcodeproj */;
			proxyType = 2;
			remoteGlobalIDString = 7EF6C40B1BCEA7DE00309E9F;
			remoteInfo = KanjiTool;
		};
/* End PBXContainerItemProxy section */

/* Begin PBXCopyFilesBuildPhase section */
		490F7ED22019275F00F97353 /* Embed Frameworks */ = {
			isa = PBXCopyFilesBuildPhase;
			buildActionMask = 2147483647;
			dstPath = "";
			dstSubfolderSpec = 10;
			files = (
				490F7ECE2019275F00F97353 /* Tiki.framework in Embed Frameworks */,
			);
			name = "Embed Frameworks";
			runOnlyForDeploymentPostprocessing = 0;
		};
/* End PBXCopyFilesBuildPhase section */

/* Begin PBXFileReference section */
		490698B4202678790082F572 /* test-documents */ = {isa = PBXFileReference; lastKnownFileType = folder; path = "test-documents"; sourceTree = "<group>"; };
		490F7E862019270000F97353 /* Guesswork.app */ = {isa = PBXFileReference; explicitFileType = wrapper.application; includeInIndex = 0; path = Guesswork.app; sourceTree = BUILT_PRODUCTS_DIR; };
		490F7E892019270000F97353 /* Guesswork.swift */ = {isa = PBXFileReference; lastKnownFileType = sourcecode.swift; path = Guesswork.swift; sourceTree = "<group>"; };
		490F7E8B2019270000F97353 /* Assets.xcassets */ = {isa = PBXFileReference; lastKnownFileType = folder.assetcatalog; path = Assets.xcassets; sourceTree = "<group>"; };
		490F7E8E2019270000F97353 /* Base */ = {isa = PBXFileReference; lastKnownFileType = file.xib; name = Base; path = Base.lproj/MainMenu.xib; sourceTree = "<group>"; };
		490F7E902019270000F97353 /* Info.plist */ = {isa = PBXFileReference; lastKnownFileType = text.plist.xml; path = Info.plist; sourceTree = "<group>"; };
		490F7E912019270000F97353 /* Guesswork.entitlements */ = {isa = PBXFileReference; lastKnownFileType = text.plist.entitlements; path = Guesswork.entitlements; sourceTree = "<group>"; };
		490F7E962019270000F97353 /* GuessworkTests.xctest */ = {isa = PBXFileReference; explicitFileType = wrapper.cfbundle; includeInIndex = 0; path = GuessworkTests.xctest; sourceTree = BUILT_PRODUCTS_DIR; };
		490F7E9A2019270000F97353 /* GuessworkTests.swift */ = {isa = PBXFileReference; lastKnownFileType = sourcecode.swift; path = GuessworkTests.swift; sourceTree = "<group>"; };
		490F7E9C2019270000F97353 /* Info.plist */ = {isa = PBXFileReference; lastKnownFileType = text.plist.xml; path = Info.plist; sourceTree = "<group>"; };
		490F7EA12019270000F97353 /* GuessworkUITests.xctest */ = {isa = PBXFileReference; explicitFileType = wrapper.cfbundle; includeInIndex = 0; path = GuessworkUITests.xctest; sourceTree = BUILT_PRODUCTS_DIR; };
		490F7EA52019270000F97353 /* GuessworkUITests.swift */ = {isa = PBXFileReference; lastKnownFileType = sourcecode.swift; path = GuessworkUITests.swift; sourceTree = "<group>"; };
		490F7EA72019270000F97353 /* Info.plist */ = {isa = PBXFileReference; lastKnownFileType = text.plist.xml; path = Info.plist; sourceTree = "<group>"; };
		490F7EB82019275E00F97353 /* Tiki.framework */ = {isa = PBXFileReference; explicitFileType = wrapper.framework; includeInIndex = 0; path = Tiki.framework; sourceTree = BUILT_PRODUCTS_DIR; };
		490F7EBA2019275F00F97353 /* Tiki.h */ = {isa = PBXFileReference; lastKnownFileType = sourcecode.c.h; path = Tiki.h; sourceTree = "<group>"; };
		490F7EBB2019275F00F97353 /* Info.plist */ = {isa = PBXFileReference; lastKnownFileType = text.plist.xml; path = Info.plist; sourceTree = "<group>"; };
		490F7EC02019275F00F97353 /* TikiTests.xctest */ = {isa = PBXFileReference; explicitFileType = wrapper.cfbundle; includeInIndex = 0; path = TikiTests.xctest; sourceTree = BUILT_PRODUCTS_DIR; };
		490F7EC72019275F00F97353 /* TikiTests.swift */ = {isa = PBXFileReference; lastKnownFileType = sourcecode.swift; path = TikiTests.swift; sourceTree = "<group>"; };
		490F7EC92019275F00F97353 /* Info.plist */ = {isa = PBXFileReference; lastKnownFileType = text.plist.xml; path = Info.plist; sourceTree = "<group>"; };
		490F7ED62019279C00F97353 /* TikiTorch.swift */ = {isa = PBXFileReference; lastKnownFileType = sourcecode.swift; path = TikiTorch.swift; sourceTree = "<group>"; };
		490F7ED82019291900F97353 /* tika-app-1.17.jar */ = {isa = PBXFileReference; lastKnownFileType = archive.jar; path = "tika-app-1.17.jar"; sourceTree = "<group>"; };
		493EE717201F849D0033C362 /* Glue.framework */ = {isa = PBXFileReference; explicitFileType = wrapper.framework; path = Glue.framework; sourceTree = BUILT_PRODUCTS_DIR; };
		49AB074120255461003FA6CE /* GuessWorkDocument.css */ = {isa = PBXFileReference; fileEncoding = 4; lastKnownFileType = text.css; path = GuessWorkDocument.css; sourceTree = "<group>"; };
		49B6C09B2020E4A200FA7A57 /* StoreKit.framework */ = {isa = PBXFileReference; lastKnownFileType = wrapper.framework; name = StoreKit.framework; path = System/Library/Frameworks/StoreKit.framework; sourceTree = SDKROOT; };
		49CBE27A20192A4400C6322C /* Kanji.xcodeproj */ = {isa = PBXFileReference; lastKnownFileType = "wrapper.pb-project"; name = Kanji.xcodeproj; path = ../Kanji/Kanji.xcodeproj; sourceTree = "<group>"; };
		49CBE2A220192A5F00C6322C /* Glib.framework */ = {isa = PBXFileReference; explicitFileType = wrapper.framework; path = Glib.framework; sourceTree = BUILT_PRODUCTS_DIR; };
		49CBE2A72019314900C6322C /* TikaSample.docx */ = {isa = PBXFileReference; lastKnownFileType = file; path = TikaSample.docx; sourceTree = "<group>"; };
		49CBE2A9201A240200C6322C /* test_recursive_embedded.docx */ = {isa = PBXFileReference; lastKnownFileType = file; path = test_recursive_embedded.docx; sourceTree = "<group>"; };
		49CBE2AB201A240B00C6322C /* test.doc */ = {isa = PBXFileReference; lastKnownFileType = file; path = test.doc; sourceTree = "<group>"; };
		49CBE2AC201A240B00C6322C /* test2.doc */ = {isa = PBXFileReference; lastKnownFileType = file; path = test2.doc; sourceTree = "<group>"; };
/* End PBXFileReference section */

/* Begin PBXFrameworksBuildPhase section */
		490F7E832019270000F97353 /* Frameworks */ = {
			isa = PBXFrameworksBuildPhase;
			buildActionMask = 2147483647;
			files = (
				49B6C09C2020E4A200FA7A57 /* StoreKit.framework in Frameworks */,
				490F7ECD2019275F00F97353 /* Tiki.framework in Frameworks */,
				493EE716201F849D0033C362 /* Glue.framework in Frameworks */,
			);
			runOnlyForDeploymentPostprocessing = 0;
		};
		490F7E932019270000F97353 /* Frameworks */ = {
			isa = PBXFrameworksBuildPhase;
			buildActionMask = 2147483647;
			files = (
			);
			runOnlyForDeploymentPostprocessing = 0;
		};
		490F7E9E2019270000F97353 /* Frameworks */ = {
			isa = PBXFrameworksBuildPhase;
			buildActionMask = 2147483647;
			files = (
			);
			runOnlyForDeploymentPostprocessing = 0;
		};
		490F7EB42019275E00F97353 /* Frameworks */ = {
			isa = PBXFrameworksBuildPhase;
			buildActionMask = 2147483647;
			files = (
				49CBE2A120192A5F00C6322C /* Glib.framework in Frameworks */,
				49CBE2A320192A5F00C6322C /* JavaLib.framework in Frameworks */,
				49CBE2A420192A5F00C6322C /* KanjiLib.framework in Frameworks */,
				49CBE2A520192A5F00C6322C /* KanjiScript.framework in Frameworks */,
				49CBE2A620192A5F00C6322C /* KanjiVM.framework in Frameworks */,
			);
			runOnlyForDeploymentPostprocessing = 0;
		};
		490F7EBD2019275F00F97353 /* Frameworks */ = {
			isa = PBXFrameworksBuildPhase;
			buildActionMask = 2147483647;
			files = (
				490F7EC12019275F00F97353 /* Tiki.framework in Frameworks */,
			);
			runOnlyForDeploymentPostprocessing = 0;
		};
/* End PBXFrameworksBuildPhase section */

/* Begin PBXGroup section */
		490F7E7D2019270000F97353 = {
			isa = PBXGroup;
			children = (
				490F7E882019270000F97353 /* Guesswork */,
				490F7E992019270000F97353 /* GuessworkTests */,
				490F7EA42019270000F97353 /* GuessworkUITests */,
				490F7EB92019275F00F97353 /* Tiki */,
				490F7EC62019275F00F97353 /* TikiTests */,
				490F7E872019270000F97353 /* Products */,
				49CBE26B20192A3500C6322C /* Frameworks */,
			);
			sourceTree = "<group>";
		};
		490F7E872019270000F97353 /* Products */ = {
			isa = PBXGroup;
			children = (
				490F7E862019270000F97353 /* Guesswork.app */,
				490F7E962019270000F97353 /* GuessworkTests.xctest */,
				490F7EA12019270000F97353 /* GuessworkUITests.xctest */,
				490F7EB82019275E00F97353 /* Tiki.framework */,
				490F7EC02019275F00F97353 /* TikiTests.xctest */,
			);
			name = Products;
			sourceTree = "<group>";
		};
		490F7E882019270000F97353 /* Guesswork */ = {
			isa = PBXGroup;
			children = (
				490F7E892019270000F97353 /* Guesswork.swift */,
				490F7E8D2019270000F97353 /* MainMenu.xib */,
				490F7E902019270000F97353 /* Info.plist */,
				49AB074120255461003FA6CE /* GuessWorkDocument.css */,
				490F7E912019270000F97353 /* Guesswork.entitlements */,
				490F7E8B2019270000F97353 /* Assets.xcassets */,
			);
			path = Guesswork;
			sourceTree = "<group>";
		};
		490F7E992019270000F97353 /* GuessworkTests */ = {
			isa = PBXGroup;
			children = (
				490F7E9A2019270000F97353 /* GuessworkTests.swift */,
				490F7E9C2019270000F97353 /* Info.plist */,
			);
			path = GuessworkTests;
			sourceTree = "<group>";
		};
		490F7EA42019270000F97353 /* GuessworkUITests */ = {
			isa = PBXGroup;
			children = (
				490F7EA52019270000F97353 /* GuessworkUITests.swift */,
				490F7EA72019270000F97353 /* Info.plist */,
			);
			path = GuessworkUITests;
			sourceTree = "<group>";
		};
		490F7EB92019275F00F97353 /* Tiki */ = {
			isa = PBXGroup;
			children = (
				490F7EBA2019275F00F97353 /* Tiki.h */,
				490F7EBB2019275F00F97353 /* Info.plist */,
				490F7ED62019279C00F97353 /* TikiTorch.swift */,
				490F7ED82019291900F97353 /* tika-app-1.17.jar */,
			);
			path = Tiki;
			sourceTree = "<group>";
		};
		490F7EC62019275F00F97353 /* TikiTests */ = {
			isa = PBXGroup;
			children = (
				490F7EC72019275F00F97353 /* TikiTests.swift */,
				49CBE2A72019314900C6322C /* TikaSample.docx */,
				49CBE2AB201A240B00C6322C /* test.doc */,
				49CBE2AC201A240B00C6322C /* test2.doc */,
				49CBE2A9201A240200C6322C /* test_recursive_embedded.docx */,
				490F7EC92019275F00F97353 /* Info.plist */,
				490698B4202678790082F572 /* test-documents */,
			);
			path = TikiTests;
			sourceTree = "<group>";
		};
		49CBE26B20192A3500C6322C /* Frameworks */ = {
			isa = PBXGroup;
			children = (
				49B6C09B2020E4A200FA7A57 /* StoreKit.framework */,
				49CBE2A220192A5F00C6322C /* Glib.framework */,
				493EE717201F849D0033C362 /* Glue.framework */,
				49CBE27A20192A4400C6322C /* Kanji.xcodeproj */,
			);
			name = Frameworks;
			sourceTree = "<group>";
		};
		49CBE27B20192A4400C6322C /* Products */ = {
			isa = PBXGroup;
			children = (
				49CBE28A20192A4400C6322C /* KanjiVM.framework */,
				49CBE28C20192A4400C6322C /* KanjiVMTests.xctest */,
				49CBE28E20192A4400C6322C /* KanjiAvian.framework */,
				49CBE29020192A4400C6322C /* KanjiAvianTests.xctest */,
				49CBE29220192A4400C6322C /* JavaLib.framework */,
				49CBE29420192A4400C6322C /* KanjiLib.framework */,
				49CBE29620192A4400C6322C /* KanjiLibTests.xctest */,
				49CBE29820192A4400C6322C /* KanjiScript.framework */,
				49CBE29A20192A4400C6322C /* KanjiScriptTests.xctest */,
				49CBE29C20192A4400C6322C /* KanjiGen.framework */,
				49CBE29E20192A4400C6322C /* KanjiGenTests.xctest */,
				49CBE2A020192A4400C6322C /* kanjitool */,
			);
			name = Products;
			sourceTree = "<group>";
		};
/* End PBXGroup section */

/* Begin PBXHeadersBuildPhase section */
		490F7EB52019275E00F97353 /* Headers */ = {
			isa = PBXHeadersBuildPhase;
			buildActionMask = 2147483647;
			files = (
				490F7ECA2019275F00F97353 /* Tiki.h in Headers */,
			);
			runOnlyForDeploymentPostprocessing = 0;
		};
/* End PBXHeadersBuildPhase section */

/* Begin PBXNativeTarget section */
		490F7E852019270000F97353 /* Guesswork */ = {
			isa = PBXNativeTarget;
			buildConfigurationList = 490F7EAA2019270000F97353 /* Build configuration list for PBXNativeTarget "Guesswork" */;
			buildPhases = (
				490F7E822019270000F97353 /* Sources */,
				490F7E832019270000F97353 /* Frameworks */,
				490F7E842019270000F97353 /* Resources */,
				490F7ED22019275F00F97353 /* Embed Frameworks */,
			);
			buildRules = (
			);
			dependencies = (
				490F7ECC2019275F00F97353 /* PBXTargetDependency */,
			);
			name = Guesswork;
			productName = Guesswork;
			productReference = 490F7E862019270000F97353 /* Guesswork.app */;
			productType = "com.apple.product-type.application";
		};
		490F7E952019270000F97353 /* GuessworkTests */ = {
			isa = PBXNativeTarget;
			buildConfigurationList = 490F7EAD2019270000F97353 /* Build configuration list for PBXNativeTarget "GuessworkTests" */;
			buildPhases = (
				490F7E922019270000F97353 /* Sources */,
				490F7E932019270000F97353 /* Frameworks */,
				490F7E942019270000F97353 /* Resources */,
			);
			buildRules = (
			);
			dependencies = (
				490F7E982019270000F97353 /* PBXTargetDependency */,
			);
			name = GuessworkTests;
			productName = GuessworkTests;
			productReference = 490F7E962019270000F97353 /* GuessworkTests.xctest */;
			productType = "com.apple.product-type.bundle.unit-test";
		};
		490F7EA02019270000F97353 /* GuessworkUITests */ = {
			isa = PBXNativeTarget;
			buildConfigurationList = 490F7EB02019270000F97353 /* Build configuration list for PBXNativeTarget "GuessworkUITests" */;
			buildPhases = (
				490F7E9D2019270000F97353 /* Sources */,
				490F7E9E2019270000F97353 /* Frameworks */,
				490F7E9F2019270000F97353 /* Resources */,
			);
			buildRules = (
			);
			dependencies = (
				490F7EA32019270000F97353 /* PBXTargetDependency */,
			);
			name = GuessworkUITests;
			productName = GuessworkUITests;
			productReference = 490F7EA12019270000F97353 /* GuessworkUITests.xctest */;
			productType = "com.apple.product-type.bundle.ui-testing";
		};
		490F7EB72019275E00F97353 /* Tiki */ = {
			isa = PBXNativeTarget;
			buildConfigurationList = 490F7ECF2019275F00F97353 /* Build configuration list for PBXNativeTarget "Tiki" */;
			buildPhases = (
				490F7EB32019275E00F97353 /* Sources */,
				490F7EB42019275E00F97353 /* Frameworks */,
				490F7EB52019275E00F97353 /* Headers */,
				490F7EB62019275E00F97353 /* Resources */,
			);
			buildRules = (
			);
			dependencies = (
			);
			name = Tiki;
			productName = Tiki;
			productReference = 490F7EB82019275E00F97353 /* Tiki.framework */;
			productType = "com.apple.product-type.framework";
		};
		490F7EBF2019275F00F97353 /* TikiTests */ = {
			isa = PBXNativeTarget;
			buildConfigurationList = 490F7ED32019275F00F97353 /* Build configuration list for PBXNativeTarget "TikiTests" */;
			buildPhases = (
				490F7EBC2019275F00F97353 /* Sources */,
				490F7EBD2019275F00F97353 /* Frameworks */,
				490F7EBE2019275F00F97353 /* Resources */,
			);
			buildRules = (
			);
			dependencies = (
				490F7EC32019275F00F97353 /* PBXTargetDependency */,
				490F7EC52019275F00F97353 /* PBXTargetDependency */,
			);
			name = TikiTests;
			productName = TikiTests;
			productReference = 490F7EC02019275F00F97353 /* TikiTests.xctest */;
			productType = "com.apple.product-type.bundle.unit-test";
		};
/* End PBXNativeTarget section */

/* Begin PBXProject section */
		490F7E7E2019270000F97353 /* Project object */ = {
			isa = PBXProject;
			attributes = {
				LastSwiftUpdateCheck = 0920;
				LastUpgradeCheck = 0930;
				ORGANIZATIONNAME = "Glimpse I/O";
				TargetAttributes = {
					490F7E852019270000F97353 = {
						CreatedOnToolsVersion = 9.2;
						ProvisioningStyle = Automatic;
						SystemCapabilities = {
							com.apple.InAppPurchase = {
								enabled = 1;
							};
							com.apple.Sandbox = {
								enabled = 1;
							};
						};
					};
					490F7E952019270000F97353 = {
						CreatedOnToolsVersion = 9.2;
						ProvisioningStyle = Automatic;
						TestTargetID = 490F7E852019270000F97353;
					};
					490F7EA02019270000F97353 = {
						CreatedOnToolsVersion = 9.2;
						ProvisioningStyle = Automatic;
						TestTargetID = 490F7E852019270000F97353;
					};
					490F7EB72019275E00F97353 = {
						CreatedOnToolsVersion = 9.2;
						LastSwiftMigration = 0920;
						ProvisioningStyle = Automatic;
					};
					490F7EBF2019275F00F97353 = {
						CreatedOnToolsVersion = 9.2;
						ProvisioningStyle = Automatic;
					};
				};
			};
			buildConfigurationList = 490F7E812019270000F97353 /* Build configuration list for PBXProject "Guesswork" */;
			compatibilityVersion = "Xcode 8.0";
			developmentRegion = en;
			hasScannedForEncodings = 0;
			knownRegions = (
				en,
				Base,
			);
			mainGroup = 490F7E7D2019270000F97353;
			productRefGroup = 490F7E872019270000F97353 /* Products */;
			projectDirPath = "";
			projectReferences = (
				{
					ProductGroup = 49CBE27B20192A4400C6322C /* Products */;
					ProjectRef = 49CBE27A20192A4400C6322C /* Kanji.xcodeproj */;
				},
			);
			projectRoot = "";
			targets = (
				490F7E852019270000F97353 /* Guesswork */,
				490F7E952019270000F97353 /* GuessworkTests */,
				490F7EA02019270000F97353 /* GuessworkUITests */,
				490F7EB72019275E00F97353 /* Tiki */,
				490F7EBF2019275F00F97353 /* TikiTests */,
			);
		};
/* End PBXProject section */

/* Begin PBXReferenceProxy section */
		49CBE28A20192A4400C6322C /* KanjiVM.framework */ = {
			isa = PBXReferenceProxy;
			fileType = wrapper.framework;
			path = KanjiVM.framework;
			remoteRef = 49CBE28920192A4400C6322C /* PBXContainerItemProxy */;
			sourceTree = BUILT_PRODUCTS_DIR;
		};
		49CBE28C20192A4400C6322C /* KanjiVMTests.xctest */ = {
			isa = PBXReferenceProxy;
			fileType = wrapper.cfbundle;
			path = KanjiVMTests.xctest;
			remoteRef = 49CBE28B20192A4400C6322C /* PBXContainerItemProxy */;
			sourceTree = BUILT_PRODUCTS_DIR;
		};
		49CBE28E20192A4400C6322C /* KanjiAvian.framework */ = {
			isa = PBXReferenceProxy;
			fileType = wrapper.framework;
			path = KanjiAvian.framework;
			remoteRef = 49CBE28D20192A4400C6322C /* PBXContainerItemProxy */;
			sourceTree = BUILT_PRODUCTS_DIR;
		};
		49CBE29020192A4400C6322C /* KanjiAvianTests.xctest */ = {
			isa = PBXReferenceProxy;
			fileType = wrapper.cfbundle;
			path = KanjiAvianTests.xctest;
			remoteRef = 49CBE28F20192A4400C6322C /* PBXContainerItemProxy */;
			sourceTree = BUILT_PRODUCTS_DIR;
		};
		49CBE29220192A4400C6322C /* JavaLib.framework */ = {
			isa = PBXReferenceProxy;
			fileType = wrapper.framework;
			path = JavaLib.framework;
			remoteRef = 49CBE29120192A4400C6322C /* PBXContainerItemProxy */;
			sourceTree = BUILT_PRODUCTS_DIR;
		};
		49CBE29420192A4400C6322C /* KanjiLib.framework */ = {
			isa = PBXReferenceProxy;
			fileType = wrapper.framework;
			path = KanjiLib.framework;
			remoteRef = 49CBE29320192A4400C6322C /* PBXContainerItemProxy */;
			sourceTree = BUILT_PRODUCTS_DIR;
		};
		49CBE29620192A4400C6322C /* KanjiLibTests.xctest */ = {
			isa = PBXReferenceProxy;
			fileType = wrapper.cfbundle;
			path = KanjiLibTests.xctest;
			remoteRef = 49CBE29520192A4400C6322C /* PBXContainerItemProxy */;
			sourceTree = BUILT_PRODUCTS_DIR;
		};
		49CBE29820192A4400C6322C /* KanjiScript.framework */ = {
			isa = PBXReferenceProxy;
			fileType = wrapper.framework;
			path = KanjiScript.framework;
			remoteRef = 49CBE29720192A4400C6322C /* PBXContainerItemProxy */;
			sourceTree = BUILT_PRODUCTS_DIR;
		};
		49CBE29A20192A4400C6322C /* KanjiScriptTests.xctest */ = {
			isa = PBXReferenceProxy;
			fileType = wrapper.cfbundle;
			path = KanjiScriptTests.xctest;
			remoteRef = 49CBE29920192A4400C6322C /* PBXContainerItemProxy */;
			sourceTree = BUILT_PRODUCTS_DIR;
		};
		49CBE29C20192A4400C6322C /* KanjiGen.framework */ = {
			isa = PBXReferenceProxy;
			fileType = wrapper.framework;
			path = KanjiGen.framework;
			remoteRef = 49CBE29B20192A4400C6322C /* PBXContainerItemProxy */;
			sourceTree = BUILT_PRODUCTS_DIR;
		};
		49CBE29E20192A4400C6322C /* KanjiGenTests.xctest */ = {
			isa = PBXReferenceProxy;
			fileType = wrapper.cfbundle;
			path = KanjiGenTests.xctest;
			remoteRef = 49CBE29D20192A4400C6322C /* PBXContainerItemProxy */;
			sourceTree = BUILT_PRODUCTS_DIR;
		};
		49CBE2A020192A4400C6322C /* kanjitool */ = {
			isa = PBXReferenceProxy;
			fileType = "compiled.mach-o.executable";
			path = kanjitool;
			remoteRef = 49CBE29F20192A4400C6322C /* PBXContainerItemProxy */;
			sourceTree = BUILT_PRODUCTS_DIR;
		};
/* End PBXReferenceProxy section */

/* Begin PBXResourcesBuildPhase section */
		490F7E842019270000F97353 /* Resources */ = {
			isa = PBXResourcesBuildPhase;
			buildActionMask = 2147483647;
			files = (
				49AB075120255461003FA6CE /* GuessWorkDocument.css in Resources */,
				490F7E8C2019270000F97353 /* Assets.xcassets in Resources */,
				490F7E8F2019270000F97353 /* MainMenu.xib in Resources */,
			);
			runOnlyForDeploymentPostprocessing = 0;
		};
		490F7E942019270000F97353 /* Resources */ = {
			isa = PBXResourcesBuildPhase;
			buildActionMask = 2147483647;
			files = (
			);
			runOnlyForDeploymentPostprocessing = 0;
		};
		490F7E9F2019270000F97353 /* Resources */ = {
			isa = PBXResourcesBuildPhase;
			buildActionMask = 2147483647;
			files = (
			);
			runOnlyForDeploymentPostprocessing = 0;
		};
		490F7EB62019275E00F97353 /* Resources */ = {
			isa = PBXResourcesBuildPhase;
			buildActionMask = 2147483647;
			files = (
				490F7ED92019291900F97353 /* tika-app-1.17.jar in Resources */,
			);
			runOnlyForDeploymentPostprocessing = 0;
		};
		490F7EBE2019275F00F97353 /* Resources */ = {
			isa = PBXResourcesBuildPhase;
			buildActionMask = 2147483647;
			files = (
				49CBE2AA201A240200C6322C /* test_recursive_embedded.docx in Resources */,
				490698C42026787A0082F572 /* test-documents in Resources */,
				49CBE2AD201A240B00C6322C /* test.doc in Resources */,
				49CBE2A82019314900C6322C /* TikaSample.docx in Resources */,
				49CBE2AE201A240B00C6322C /* test2.doc in Resources */,
			);
			runOnlyForDeploymentPostprocessing = 0;
		};
/* End PBXResourcesBuildPhase section */

/* Begin PBXSourcesBuildPhase section */
		490F7E822019270000F97353 /* Sources */ = {
			isa = PBXSourcesBuildPhase;
			buildActionMask = 2147483647;
			files = (
				490F7E8A2019270000F97353 /* Guesswork.swift in Sources */,
			);
			runOnlyForDeploymentPostprocessing = 0;
		};
		490F7E922019270000F97353 /* Sources */ = {
			isa = PBXSourcesBuildPhase;
			buildActionMask = 2147483647;
			files = (
				490F7E9B2019270000F97353 /* GuessworkTests.swift in Sources */,
			);
			runOnlyForDeploymentPostprocessing = 0;
		};
		490F7E9D2019270000F97353 /* Sources */ = {
			isa = PBXSourcesBuildPhase;
			buildActionMask = 2147483647;
			files = (
				490F7EA62019270000F97353 /* GuessworkUITests.swift in Sources */,
			);
			runOnlyForDeploymentPostprocessing = 0;
		};
		490F7EB32019275E00F97353 /* Sources */ = {
			isa = PBXSourcesBuildPhase;
			buildActionMask = 2147483647;
			files = (
				490F7ED72019279C00F97353 /* TikiTorch.swift in Sources */,
			);
			runOnlyForDeploymentPostprocessing = 0;
		};
		490F7EBC2019275F00F97353 /* Sources */ = {
			isa = PBXSourcesBuildPhase;
			buildActionMask = 2147483647;
			files = (
				490F7EC82019275F00F97353 /* TikiTests.swift in Sources */,
			);
			runOnlyForDeploymentPostprocessing = 0;
		};
/* End PBXSourcesBuildPhase section */

/* Begin PBXTargetDependency section */
		490F7E982019270000F97353 /* PBXTargetDependency */ = {
			isa = PBXTargetDependency;
			target = 490F7E852019270000F97353 /* Guesswork */;
			targetProxy = 490F7E972019270000F97353 /* PBXContainerItemProxy */;
		};
		490F7EA32019270000F97353 /* PBXTargetDependency */ = {
			isa = PBXTargetDependency;
			target = 490F7E852019270000F97353 /* Guesswork */;
			targetProxy = 490F7EA22019270000F97353 /* PBXContainerItemProxy */;
		};
		490F7EC32019275F00F97353 /* PBXTargetDependency */ = {
			isa = PBXTargetDependency;
			target = 490F7EB72019275E00F97353 /* Tiki */;
			targetProxy = 490F7EC22019275F00F97353 /* PBXContainerItemProxy */;
		};
		490F7EC52019275F00F97353 /* PBXTargetDependency */ = {
			isa = PBXTargetDependency;
			target = 490F7E852019270000F97353 /* Guesswork */;
			targetProxy = 490F7EC42019275F00F97353 /* PBXContainerItemProxy */;
		};
		490F7ECC2019275F00F97353 /* PBXTargetDependency */ = {
			isa = PBXTargetDependency;
			target = 490F7EB72019275E00F97353 /* Tiki */;
			targetProxy = 490F7ECB2019275F00F97353 /* PBXContainerItemProxy */;
		};
/* End PBXTargetDependency section */

/* Begin PBXVariantGroup section */
		490F7E8D2019270000F97353 /* MainMenu.xib */ = {
			isa = PBXVariantGroup;
			children = (
				490F7E8E2019270000F97353 /* Base */,
			);
			name = MainMenu.xib;
			sourceTree = "<group>";
		};
/* End PBXVariantGroup section */

/* Begin XCBuildConfiguration section */
		490F7EA82019270000F97353 /* Debug */ = {
			isa = XCBuildConfiguration;
			buildSettings = {
				ALWAYS_SEARCH_USER_PATHS = NO;
				CLANG_ANALYZER_NONNULL = YES;
				CLANG_ANALYZER_NUMBER_OBJECT_CONVERSION = YES_AGGRESSIVE;
				CLANG_CXX_LANGUAGE_STANDARD = "gnu++14";
				CLANG_CXX_LIBRARY = "libc++";
				CLANG_ENABLE_MODULES = YES;
				CLANG_ENABLE_OBJC_ARC = YES;
				CLANG_WARN_BLOCK_CAPTURE_AUTORELEASING = YES;
				CLANG_WARN_BOOL_CONVERSION = YES;
				CLANG_WARN_COMMA = YES;
				CLANG_WARN_CONSTANT_CONVERSION = YES;
				CLANG_WARN_DEPRECATED_OBJC_IMPLEMENTATIONS = YES;
				CLANG_WARN_DIRECT_OBJC_ISA_USAGE = YES_ERROR;
				CLANG_WARN_DOCUMENTATION_COMMENTS = YES;
				CLANG_WARN_EMPTY_BODY = YES;
				CLANG_WARN_ENUM_CONVERSION = YES;
				CLANG_WARN_INFINITE_RECURSION = YES;
				CLANG_WARN_INT_CONVERSION = YES;
				CLANG_WARN_NON_LITERAL_NULL_CONVERSION = YES;
				CLANG_WARN_OBJC_IMPLICIT_RETAIN_SELF = YES;
				CLANG_WARN_OBJC_LITERAL_CONVERSION = YES;
				CLANG_WARN_OBJC_ROOT_CLASS = YES_ERROR;
				CLANG_WARN_RANGE_LOOP_ANALYSIS = YES;
				CLANG_WARN_STRICT_PROTOTYPES = YES;
				CLANG_WARN_SUSPICIOUS_MOVE = YES;
				CLANG_WARN_UNGUARDED_AVAILABILITY = YES_AGGRESSIVE;
				CLANG_WARN_UNREACHABLE_CODE = YES;
				CLANG_WARN__DUPLICATE_METHOD_MATCH = YES;
				CODE_SIGN_IDENTITY = "Mac Developer";
				COPY_PHASE_STRIP = NO;
				DEBUG_INFORMATION_FORMAT = dwarf;
				ENABLE_STRICT_OBJC_MSGSEND = YES;
				ENABLE_TESTABILITY = YES;
				GCC_C_LANGUAGE_STANDARD = gnu11;
				GCC_DYNAMIC_NO_PIC = NO;
				GCC_NO_COMMON_BLOCKS = YES;
				GCC_OPTIMIZATION_LEVEL = 0;
				GCC_PREPROCESSOR_DEFINITIONS = (
					"DEBUG=1",
					"$(inherited)",
				);
				GCC_WARN_64_TO_32_BIT_CONVERSION = YES;
				GCC_WARN_ABOUT_RETURN_TYPE = YES_ERROR;
				GCC_WARN_UNDECLARED_SELECTOR = YES;
				GCC_WARN_UNINITIALIZED_AUTOS = YES_AGGRESSIVE;
				GCC_WARN_UNUSED_FUNCTION = YES;
				GCC_WARN_UNUSED_VARIABLE = YES;
				MACOSX_DEPLOYMENT_TARGET = 10.13;
				MTL_ENABLE_DEBUG_INFO = YES;
				ONLY_ACTIVE_ARCH = YES;
				SDKROOT = macosx;
				SWIFT_ACTIVE_COMPILATION_CONDITIONS = DEBUG;
				SWIFT_VERSION = 5.0;
			};
			name = Debug;
		};
		490F7EA92019270000F97353 /* Release */ = {
			isa = XCBuildConfiguration;
			buildSettings = {
				ALWAYS_SEARCH_USER_PATHS = NO;
				CLANG_ANALYZER_NONNULL = YES;
				CLANG_ANALYZER_NUMBER_OBJECT_CONVERSION = YES_AGGRESSIVE;
				CLANG_CXX_LANGUAGE_STANDARD = "gnu++14";
				CLANG_CXX_LIBRARY = "libc++";
				CLANG_ENABLE_MODULES = YES;
				CLANG_ENABLE_OBJC_ARC = YES;
				CLANG_WARN_BLOCK_CAPTURE_AUTORELEASING = YES;
				CLANG_WARN_BOOL_CONVERSION = YES;
				CLANG_WARN_COMMA = YES;
				CLANG_WARN_CONSTANT_CONVERSION = YES;
				CLANG_WARN_DEPRECATED_OBJC_IMPLEMENTATIONS = YES;
				CLANG_WARN_DIRECT_OBJC_ISA_USAGE = YES_ERROR;
				CLANG_WARN_DOCUMENTATION_COMMENTS = YES;
				CLANG_WARN_EMPTY_BODY = YES;
				CLANG_WARN_ENUM_CONVERSION = YES;
				CLANG_WARN_INFINITE_RECURSION = YES;
				CLANG_WARN_INT_CONVERSION = YES;
				CLANG_WARN_NON_LITERAL_NULL_CONVERSION = YES;
				CLANG_WARN_OBJC_IMPLICIT_RETAIN_SELF = YES;
				CLANG_WARN_OBJC_LITERAL_CONVERSION = YES;
				CLANG_WARN_OBJC_ROOT_CLASS = YES_ERROR;
				CLANG_WARN_RANGE_LOOP_ANALYSIS = YES;
				CLANG_WARN_STRICT_PROTOTYPES = YES;
				CLANG_WARN_SUSPICIOUS_MOVE = YES;
				CLANG_WARN_UNGUARDED_AVAILABILITY = YES_AGGRESSIVE;
				CLANG_WARN_UNREACHABLE_CODE = YES;
				CLANG_WARN__DUPLICATE_METHOD_MATCH = YES;
				CODE_SIGN_IDENTITY = "Mac Developer";
				COPY_PHASE_STRIP = NO;
				DEBUG_INFORMATION_FORMAT = "dwarf-with-dsym";
				ENABLE_NS_ASSERTIONS = NO;
				ENABLE_STRICT_OBJC_MSGSEND = YES;
				GCC_C_LANGUAGE_STANDARD = gnu11;
				GCC_NO_COMMON_BLOCKS = YES;
				GCC_WARN_64_TO_32_BIT_CONVERSION = YES;
				GCC_WARN_ABOUT_RETURN_TYPE = YES_ERROR;
				GCC_WARN_UNDECLARED_SELECTOR = YES;
				GCC_WARN_UNINITIALIZED_AUTOS = YES_AGGRESSIVE;
				GCC_WARN_UNUSED_FUNCTION = YES;
				GCC_WARN_UNUSED_VARIABLE = YES;
				MACOSX_DEPLOYMENT_TARGET = 10.13;
				MTL_ENABLE_DEBUG_INFO = NO;
				SDKROOT = macosx;
				SWIFT_COMPILATION_MODE = wholemodule;
				SWIFT_VERSION = 5.0;
			};
			name = Release;
		};
		490F7EAB2019270000F97353 /* Debug */ = {
			isa = XCBuildConfiguration;
			buildSettings = {
				ALWAYS_EMBED_SWIFT_STANDARD_LIBRARIES = YES;
				ASSETCATALOG_COMPILER_APPICON_NAME = AppIcon;
				CODE_SIGN_ENTITLEMENTS = Guesswork/Guesswork.entitlements;
				CODE_SIGN_STYLE = Automatic;
				COMBINE_HIDPI_IMAGES = YES;
				DEVELOPMENT_TEAM = 2HFBY6N8ZN;
				INFOPLIST_FILE = Guesswork/Info.plist;
				LD_RUNPATH_SEARCH_PATHS = "$(inherited) @executable_path/../Frameworks";
				PRODUCT_BUNDLE_IDENTIFIER = io.glimpse.Guesswork;
				PRODUCT_NAME = "$(TARGET_NAME)";
			};
			name = Debug;
		};
		490F7EAC2019270000F97353 /* Release */ = {
			isa = XCBuildConfiguration;
			buildSettings = {
				ALWAYS_EMBED_SWIFT_STANDARD_LIBRARIES = YES;
				ASSETCATALOG_COMPILER_APPICON_NAME = AppIcon;
				CODE_SIGN_ENTITLEMENTS = Guesswork/Guesswork.entitlements;
				CODE_SIGN_STYLE = Automatic;
				COMBINE_HIDPI_IMAGES = YES;
				DEVELOPMENT_TEAM = 2HFBY6N8ZN;
				INFOPLIST_FILE = Guesswork/Info.plist;
				LD_RUNPATH_SEARCH_PATHS = "$(inherited) @executable_path/../Frameworks";
				PRODUCT_BUNDLE_IDENTIFIER = io.glimpse.Guesswork;
				PRODUCT_NAME = "$(TARGET_NAME)";
			};
			name = Release;
		};
		490F7EAE2019270000F97353 /* Debug */ = {
			isa = XCBuildConfiguration;
			buildSettings = {
				ALWAYS_EMBED_SWIFT_STANDARD_LIBRARIES = YES;
				BUNDLE_LOADER = "$(TEST_HOST)";
				CODE_SIGN_STYLE = Automatic;
				COMBINE_HIDPI_IMAGES = YES;
				DEVELOPMENT_TEAM = 2HFBY6N8ZN;
				INFOPLIST_FILE = GuessworkTests/Info.plist;
				LD_RUNPATH_SEARCH_PATHS = "$(inherited) @executable_path/../Frameworks @loader_path/../Frameworks";
				PRODUCT_BUNDLE_IDENTIFIER = io.glimpse.GuessworkTests;
				PRODUCT_NAME = "$(TARGET_NAME)";
				TEST_HOST = "$(BUILT_PRODUCTS_DIR)/Guesswork.app/Contents/MacOS/Guesswork";
			};
			name = Debug;
		};
		490F7EAF2019270000F97353 /* Release */ = {
			isa = XCBuildConfiguration;
			buildSettings = {
				ALWAYS_EMBED_SWIFT_STANDARD_LIBRARIES = YES;
				BUNDLE_LOADER = "$(TEST_HOST)";
				CODE_SIGN_STYLE = Automatic;
				COMBINE_HIDPI_IMAGES = YES;
				DEVELOPMENT_TEAM = 2HFBY6N8ZN;
				INFOPLIST_FILE = GuessworkTests/Info.plist;
				LD_RUNPATH_SEARCH_PATHS = "$(inherited) @executable_path/../Frameworks @loader_path/../Frameworks";
				PRODUCT_BUNDLE_IDENTIFIER = io.glimpse.GuessworkTests;
				PRODUCT_NAME = "$(TARGET_NAME)";
				TEST_HOST = "$(BUILT_PRODUCTS_DIR)/Guesswork.app/Contents/MacOS/Guesswork";
			};
			name = Release;
		};
		490F7EB12019270000F97353 /* Debug */ = {
			isa = XCBuildConfiguration;
			buildSettings = {
				ALWAYS_EMBED_SWIFT_STANDARD_LIBRARIES = YES;
				CODE_SIGN_STYLE = Automatic;
				COMBINE_HIDPI_IMAGES = YES;
				DEVELOPMENT_TEAM = 2HFBY6N8ZN;
				INFOPLIST_FILE = GuessworkUITests/Info.plist;
				LD_RUNPATH_SEARCH_PATHS = "$(inherited) @executable_path/../Frameworks @loader_path/../Frameworks";
				PRODUCT_BUNDLE_IDENTIFIER = io.glimpse.GuessworkUITests;
				PRODUCT_NAME = "$(TARGET_NAME)";
				TEST_TARGET_NAME = Guesswork;
			};
			name = Debug;
		};
		490F7EB22019270000F97353 /* Release */ = {
			isa = XCBuildConfiguration;
			buildSettings = {
				ALWAYS_EMBED_SWIFT_STANDARD_LIBRARIES = YES;
				CODE_SIGN_STYLE = Automatic;
				COMBINE_HIDPI_IMAGES = YES;
				DEVELOPMENT_TEAM = 2HFBY6N8ZN;
				INFOPLIST_FILE = GuessworkUITests/Info.plist;
				LD_RUNPATH_SEARCH_PATHS = "$(inherited) @executable_path/../Frameworks @loader_path/../Frameworks";
				PRODUCT_BUNDLE_IDENTIFIER = io.glimpse.GuessworkUITests;
				PRODUCT_NAME = "$(TARGET_NAME)";
				TEST_TARGET_NAME = Guesswork;
			};
			name = Release;
		};
		490F7ED02019275F00F97353 /* Debug */ = {
			isa = XCBuildConfiguration;
			buildSettings = {
				CLANG_ENABLE_MODULES = YES;
				CODE_SIGN_IDENTITY = "";
				CODE_SIGN_STYLE = Automatic;
				COMBINE_HIDPI_IMAGES = YES;
				CURRENT_PROJECT_VERSION = 1;
				DEFINES_MODULE = YES;
				DEVELOPMENT_TEAM = 2HFBY6N8ZN;
				DYLIB_COMPATIBILITY_VERSION = 1;
				DYLIB_CURRENT_VERSION = 1;
				DYLIB_INSTALL_NAME_BASE = "@rpath";
				FRAMEWORK_VERSION = A;
				INFOPLIST_FILE = Tiki/Info.plist;
				INSTALL_PATH = "$(LOCAL_LIBRARY_DIR)/Frameworks";
				LD_RUNPATH_SEARCH_PATHS = "$(inherited) @executable_path/../Frameworks @loader_path/Frameworks";
				PRODUCT_BUNDLE_IDENTIFIER = io.glimpse.Tiki;
				PRODUCT_NAME = "$(TARGET_NAME:c99extidentifier)";
				SKIP_INSTALL = YES;
				VERSIONING_SYSTEM = "apple-generic";
				VERSION_INFO_PREFIX = "";
			};
			name = Debug;
		};
		490F7ED12019275F00F97353 /* Release */ = {
			isa = XCBuildConfiguration;
			buildSettings = {
				CLANG_ENABLE_MODULES = YES;
				CODE_SIGN_IDENTITY = "";
				CODE_SIGN_STYLE = Automatic;
				COMBINE_HIDPI_IMAGES = YES;
				CURRENT_PROJECT_VERSION = 1;
				DEFINES_MODULE = YES;
				DEVELOPMENT_TEAM = 2HFBY6N8ZN;
				DYLIB_COMPATIBILITY_VERSION = 1;
				DYLIB_CURRENT_VERSION = 1;
				DYLIB_INSTALL_NAME_BASE = "@rpath";
				FRAMEWORK_VERSION = A;
				INFOPLIST_FILE = Tiki/Info.plist;
				INSTALL_PATH = "$(LOCAL_LIBRARY_DIR)/Frameworks";
				LD_RUNPATH_SEARCH_PATHS = "$(inherited) @executable_path/../Frameworks @loader_path/Frameworks";
				PRODUCT_BUNDLE_IDENTIFIER = io.glimpse.Tiki;
				PRODUCT_NAME = "$(TARGET_NAME:c99extidentifier)";
				SKIP_INSTALL = YES;
				VERSIONING_SYSTEM = "apple-generic";
				VERSION_INFO_PREFIX = "";
			};
			name = Release;
		};
		490F7ED42019275F00F97353 /* Debug */ = {
			isa = XCBuildConfiguration;
			buildSettings = {
				ALWAYS_EMBED_SWIFT_STANDARD_LIBRARIES = YES;
				CODE_SIGN_STYLE = Automatic;
				COMBINE_HIDPI_IMAGES = YES;
				DEVELOPMENT_TEAM = 2HFBY6N8ZN;
				INFOPLIST_FILE = TikiTests/Info.plist;
				LD_RUNPATH_SEARCH_PATHS = "$(inherited) @executable_path/../Frameworks @loader_path/../Frameworks";
				PRODUCT_BUNDLE_IDENTIFIER = io.glimpse.TikiTests;
				PRODUCT_NAME = "$(TARGET_NAME)";
			};
			name = Debug;
		};
		490F7ED52019275F00F97353 /* Release */ = {
			isa = XCBuildConfiguration;
			buildSettings = {
				ALWAYS_EMBED_SWIFT_STANDARD_LIBRARIES = YES;
				CODE_SIGN_STYLE = Automatic;
				COMBINE_HIDPI_IMAGES = YES;
				DEVELOPMENT_TEAM = 2HFBY6N8ZN;
				INFOPLIST_FILE = TikiTests/Info.plist;
				LD_RUNPATH_SEARCH_PATHS = "$(inherited) @executable_path/../Frameworks @loader_path/../Frameworks";
				PRODUCT_BUNDLE_IDENTIFIER = io.glimpse.TikiTests;
				PRODUCT_NAME = "$(TARGET_NAME)";
			};
			name = Release;
		};
/* End XCBuildConfiguration section */

/* Begin XCConfigurationList section */
		490F7E812019270000F97353 /* Build configuration list for PBXProject "Guesswork" */ = {
			isa = XCConfigurationList;
			buildConfigurations = (
				490F7EA82019270000F97353 /* Debug */,
				490F7EA92019270000F97353 /* Release */,
			);
			defaultConfigurationIsVisible = 0;
			defaultConfigurationName = Release;
		};
		490F7EAA2019270000F97353 /* Build configuration list for PBXNativeTarget "Guesswork" */ = {
			isa = XCConfigurationList;
			buildConfigurations = (
				490F7EAB2019270000F97353 /* Debug */,
				490F7EAC2019270000F97353 /* Release */,
			);
			defaultConfigurationIsVisible = 0;
			defaultConfigurationName = Release;
		};
		490F7EAD2019270000F97353 /* Build configuration list for PBXNativeTarget "GuessworkTests" */ = {
			isa = XCConfigurationList;
			buildConfigurations = (
				490F7EAE2019270000F97353 /* Debug */,
				490F7EAF2019270000F97353 /* Release */,
			);
			defaultConfigurationIsVisible = 0;
			defaultConfigurationName = Release;
		};
		490F7EB02019270000F97353 /* Build configuration list for PBXNativeTarget "GuessworkUITests" */ = {
			isa = XCConfigurationList;
			buildConfigurations = (
				490F7EB12019270000F97353 /* Debug */,
				490F7EB22019270000F97353 /* Release */,
			);
			defaultConfigurationIsVisible = 0;
			defaultConfigurationName = Release;
		};
		490F7ECF2019275F00F97353 /* Build configuration list for PBXNativeTarget "Tiki" */ = {
			isa = XCConfigurationList;
			buildConfigurations = (
				490F7ED02019275F00F97353 /* Debug */,
				490F7ED12019275F00F97353 /* Release */,
			);
			defaultConfigurationIsVisible = 0;
			defaultConfigurationName = Release;
		};
		490F7ED32019275F00F97353 /* Build configuration list for PBXNativeTarget "TikiTests" */ = {
			isa = XCConfigurationList;
			buildConfigurations = (
				490F7ED42019275F00F97353 /* Debug */,
				490F7ED52019275F00F97353 /* Release */,
			);
			defaultConfigurationIsVisible = 0;
			defaultConfigurationName = Release;
		};
/* End XCConfigurationList section */
	};
	rootObject = 490F7E7E2019270000F97353 /* Project object */;
}
