// !$*UTF8*$!
{
	archiveVersion = 1;
	classes = {
	};
	objectVersion = 46;
	objects = {

/* Begin PBXBuildFile section */
		496678991EF3266A003698B7 /* GlintModel.h in Headers */ = {isa = PBXBuildFile; fileRef = 496678971EF3266A003698B7 /* GlintModel.h */; settings = {ATTRIBUTES = (Public, ); }; };
		4966789E1EF32693003698B7 /* GlintProto.swift in Sources */ = {isa = PBXBuildFile; fileRef = 4966789D1EF32693003698B7 /* GlintProto.swift */; };
		496678A01EF326AE003698B7 /* glintproto-schema.json in Resources */ = {isa = PBXBuildFile; fileRef = 4966789F1EF326AE003698B7 /* glintproto-schema.json */; };
		498A91FD1EB6C2590038939C /* KanjiScript.framework in Frameworks */ = {isa = PBXBuildFile; fileRef = 49DBD7BB1EB5388800930C27 /* KanjiScript.framework */; };
		498A92001EB6C52D0038939C /* spark in Resources */ = {isa = PBXBuildFile; fileRef = 498A91FF1EB6C52D0038939C /* spark */; };
		49A0F4321ED4B15400ACC9A7 /* GlintSession.swift in Sources */ = {isa = PBXBuildFile; fileRef = 49A0F4311ED4B15400ACC9A7 /* GlintSession.swift */; };
		49A0F4431ED728CC00ACC9A7 /* Glue.framework in Frameworks */ = {isa = PBXBuildFile; fileRef = 49DBD7961EB5386300930C27 /* Glue.framework */; };
		49DBD73D1EB5339F00930C27 /* AppDelegate.swift in Sources */ = {isa = PBXBuildFile; fileRef = 49DBD73C1EB5339F00930C27 /* AppDelegate.swift */; };
		49DBD73F1EB5339F00930C27 /* ViewController.swift in Sources */ = {isa = PBXBuildFile; fileRef = 49DBD73E1EB5339F00930C27 /* ViewController.swift */; };
		49DBD7411EB5339F00930C27 /* Document.swift in Sources */ = {isa = PBXBuildFile; fileRef = 49DBD7401EB5339F00930C27 /* Document.swift */; };
		49DBD7431EB5339F00930C27 /* Assets.xcassets in Resources */ = {isa = PBXBuildFile; fileRef = 49DBD7421EB5339F00930C27 /* Assets.xcassets */; };
		49DBD7461EB5339F00930C27 /* Main.storyboard in Resources */ = {isa = PBXBuildFile; fileRef = 49DBD7441EB5339F00930C27 /* Main.storyboard */; };
		49DBD7511EB5339F00930C27 /* GlintTests.swift in Sources */ = {isa = PBXBuildFile; fileRef = 49DBD7501EB5339F00930C27 /* GlintTests.swift */; };
		49DBD75C1EB5339F00930C27 /* GlintUITests.swift in Sources */ = {isa = PBXBuildFile; fileRef = 49DBD75B1EB5339F00930C27 /* GlintUITests.swift */; };
		49DBD7771EB5368000930C27 /* Glintette.framework in Frameworks */ = {isa = PBXBuildFile; fileRef = 49DBD76E1EB5368000930C27 /* Glintette.framework */; };
		49DBD77E1EB5368000930C27 /* GlintetteTests.swift in Sources */ = {isa = PBXBuildFile; fileRef = 49DBD77D1EB5368000930C27 /* GlintetteTests.swift */; };
		49DBD7801EB5368000930C27 /* Glintette.h in Headers */ = {isa = PBXBuildFile; fileRef = 49DBD7701EB5368000930C27 /* Glintette.h */; settings = {ATTRIBUTES = (Public, ); }; };
		49DBD7831EB5368000930C27 /* Glintette.framework in Frameworks */ = {isa = PBXBuildFile; fileRef = 49DBD76E1EB5368000930C27 /* Glintette.framework */; };
		49DBD7841EB5368000930C27 /* Glintette.framework in Embed Frameworks */ = {isa = PBXBuildFile; fileRef = 49DBD76E1EB5368000930C27 /* Glintette.framework */; settings = {ATTRIBUTES = (CodeSignOnCopy, RemoveHeadersOnCopy, ); }; };
		49DBD7D41EB539DF00930C27 /* SparkSession.swift in Sources */ = {isa = PBXBuildFile; fileRef = 49DBD7D31EB539DF00930C27 /* SparkSession.swift */; };
/* End PBXBuildFile section */

/* Begin PBXContainerItemProxy section */
		496678821EF2FD6E003698B7 /* PBXContainerItemProxy */ = {
			isa = PBXContainerItemProxy;
			containerPortal = 4966787A1EF2FD6E003698B7 /* BricBrac.xcodeproj */;
			proxyType = 2;
			remoteGlobalIDString = 7E7F9B1C1B3615850058706A;
			remoteInfo = BricBrac;
		};
		496678841EF2FD6E003698B7 /* PBXContainerItemProxy */ = {
			isa = PBXContainerItemProxy;
			containerPortal = 4966787A1EF2FD6E003698B7 /* BricBrac.xcodeproj */;
			proxyType = 2;
			remoteGlobalIDString = 7E7F9B261B3615860058706A;
			remoteInfo = BricBracTests;
		};
		496678861EF2FD6E003698B7 /* PBXContainerItemProxy */ = {
			isa = PBXContainerItemProxy;
			containerPortal = 4966787A1EF2FD6E003698B7 /* BricBrac.xcodeproj */;
			proxyType = 2;
			remoteGlobalIDString = 7E28A5BC1B5AD5EE00A5F27F;
			remoteInfo = Curio;
		};
		496678881EF2FD6E003698B7 /* PBXContainerItemProxy */ = {
			isa = PBXContainerItemProxy;
			containerPortal = 4966787A1EF2FD6E003698B7 /* BricBrac.xcodeproj */;
			proxyType = 2;
			remoteGlobalIDString = 7E28A5C51B5AD5EE00A5F27F;
			remoteInfo = CurioTests;
		};
		4966788A1EF2FD6E003698B7 /* PBXContainerItemProxy */ = {
			isa = PBXContainerItemProxy;
			containerPortal = 4966787A1EF2FD6E003698B7 /* BricBrac.xcodeproj */;
			proxyType = 2;
			remoteGlobalIDString = 7E8E745A1B9F31E8004EA61F;
			remoteInfo = CurioTool;
		};
		496678A11EF3271D003698B7 /* PBXContainerItemProxy */ = {
			isa = PBXContainerItemProxy;
			containerPortal = 4966787A1EF2FD6E003698B7 /* BricBrac.xcodeproj */;
			proxyType = 1;
			remoteGlobalIDString = 7E7F9B1B1B3615850058706A;
			remoteInfo = BricBrac;
		};
		496678A31EF3271D003698B7 /* PBXContainerItemProxy */ = {
			isa = PBXContainerItemProxy;
			containerPortal = 4966787A1EF2FD6E003698B7 /* BricBrac.xcodeproj */;
			proxyType = 1;
			remoteGlobalIDString = 7E28A5BB1B5AD5EE00A5F27F;
			remoteInfo = Curio;
		};
		496678A51EF3271D003698B7 /* PBXContainerItemProxy */ = {
			isa = PBXContainerItemProxy;
			containerPortal = 4966787A1EF2FD6E003698B7 /* BricBrac.xcodeproj */;
			proxyType = 1;
			remoteGlobalIDString = 7E8E74591B9F31E8004EA61F;
			remoteInfo = CurioTool;
		};
		496678A71EF3272F003698B7 /* PBXContainerItemProxy */ = {
			isa = PBXContainerItemProxy;
			containerPortal = 49DBD7311EB5339F00930C27 /* Project object */;
			proxyType = 1;
			remoteGlobalIDString = 496678941EF3266A003698B7;
			remoteInfo = GlintModel;
		};
		496678A91EF32744003698B7 /* PBXContainerItemProxy */ = {
			isa = PBXContainerItemProxy;
			containerPortal = 49DBD7311EB5339F00930C27 /* Project object */;
			proxyType = 1;
			remoteGlobalIDString = 496678941EF3266A003698B7;
			remoteInfo = GlintModel;
		};
		497F3DDD206D6FAA00FF5B6F /* PBXContainerItemProxy */ = {
			isa = PBXContainerItemProxy;
			containerPortal = 4966787A1EF2FD6E003698B7 /* BricBrac.xcodeproj */;
			proxyType = 2;
			remoteGlobalIDString = 49DB61522063426D00022D2C;
			remoteInfo = CurioDemoModels;
		};
		49A0F4411ED728C300ACC9A7 /* PBXContainerItemProxy */ = {
			isa = PBXContainerItemProxy;
			containerPortal = 49DBD78F1EB5386300930C27 /* Glue.xcodeproj */;
			proxyType = 1;
			remoteGlobalIDString = 7EBE12D41CA85EC600B10B3C;
			remoteInfo = Glue;
		};
		49DBD74D1EB5339F00930C27 /* PBXContainerItemProxy */ = {
			isa = PBXContainerItemProxy;
			containerPortal = 49DBD7311EB5339F00930C27 /* Project object */;
			proxyType = 1;
			remoteGlobalIDString = 49DBD7381EB5339F00930C27;
			remoteInfo = Glint;
		};
		49DBD7581EB5339F00930C27 /* PBXContainerItemProxy */ = {
			isa = PBXContainerItemProxy;
			containerPortal = 49DBD7311EB5339F00930C27 /* Project object */;
			proxyType = 1;
			remoteGlobalIDString = 49DBD7381EB5339F00930C27;
			remoteInfo = Glint;
		};
		49DBD7781EB5368000930C27 /* PBXContainerItemProxy */ = {
			isa = PBXContainerItemProxy;
			containerPortal = 49DBD7311EB5339F00930C27 /* Project object */;
			proxyType = 1;
			remoteGlobalIDString = 49DBD76D1EB5368000930C27;
			remoteInfo = Glintette;
		};
		49DBD77A1EB5368000930C27 /* PBXContainerItemProxy */ = {
			isa = PBXContainerItemProxy;
			containerPortal = 49DBD7311EB5339F00930C27 /* Project object */;
			proxyType = 1;
			remoteGlobalIDString = 49DBD7381EB5339F00930C27;
			remoteInfo = Glint;
		};
		49DBD7811EB5368000930C27 /* PBXContainerItemProxy */ = {
			isa = PBXContainerItemProxy;
			containerPortal = 49DBD7311EB5339F00930C27 /* Project object */;
			proxyType = 1;
			remoteGlobalIDString = 49DBD76D1EB5368000930C27;
			remoteInfo = Glintette;
		};
		49DBD7951EB5386300930C27 /* PBXContainerItemProxy */ = {
			isa = PBXContainerItemProxy;
			containerPortal = 49DBD78F1EB5386300930C27 /* Glue.xcodeproj */;
			proxyType = 2;
			remoteGlobalIDString = 7EBE12D51CA85EC600B10B3C;
			remoteInfo = Glue;
		};
		49DBD7971EB5386300930C27 /* PBXContainerItemProxy */ = {
			isa = PBXContainerItemProxy;
			containerPortal = 49DBD78F1EB5386300930C27 /* Glue.xcodeproj */;
			proxyType = 2;
			remoteGlobalIDString = 7EBE12DF1CA85EC600B10B3C;
			remoteInfo = GlueTests;
		};
		49DBD7991EB5386300930C27 /* PBXContainerItemProxy */ = {
			isa = PBXContainerItemProxy;
			containerPortal = 49DBD78F1EB5386300930C27 /* Glue.xcodeproj */;
			proxyType = 2;
			remoteGlobalIDString = 7E45F10D1D147B3400DF2313;
			remoteInfo = GlueDemo;
		};
		49DBD7AC1EB5388800930C27 /* PBXContainerItemProxy */ = {
			isa = PBXContainerItemProxy;
			containerPortal = 49DBD79D1EB5388700930C27 /* Kanji.xcodeproj */;
			proxyType = 2;
			remoteGlobalIDString = 7EA888051AAAB6DF00C6DBB3;
			remoteInfo = KanjiVM;
		};
		49DBD7AE1EB5388800930C27 /* PBXContainerItemProxy */ = {
			isa = PBXContainerItemProxy;
			containerPortal = 49DBD79D1EB5388700930C27 /* Kanji.xcodeproj */;
			proxyType = 2;
			remoteGlobalIDString = 7EA888101AAAB6DF00C6DBB3;
			remoteInfo = KanjiVMTests;
		};
		49DBD7B01EB5388800930C27 /* PBXContainerItemProxy */ = {
			isa = PBXContainerItemProxy;
			containerPortal = 49DBD79D1EB5388700930C27 /* Kanji.xcodeproj */;
			proxyType = 2;
			remoteGlobalIDString = 7E89301E1BEEB61B00F245C5;
			remoteInfo = KanjiAvian;
		};
		49DBD7B21EB5388800930C27 /* PBXContainerItemProxy */ = {
			isa = PBXContainerItemProxy;
			containerPortal = 49DBD79D1EB5388700930C27 /* Kanji.xcodeproj */;
			proxyType = 2;
			remoteGlobalIDString = 7E8930271BEEB61C00F245C5;
			remoteInfo = KanjiAvianTests;
		};
		49DBD7B41EB5388800930C27 /* PBXContainerItemProxy */ = {
			isa = PBXContainerItemProxy;
			containerPortal = 49DBD79D1EB5388700930C27 /* Kanji.xcodeproj */;
			proxyType = 2;
			remoteGlobalIDString = 7E35AE2E1BD7D7C100E93E09;
			remoteInfo = JavaLib;
		};
		49DBD7B61EB5388800930C27 /* PBXContainerItemProxy */ = {
			isa = PBXContainerItemProxy;
			containerPortal = 49DBD79D1EB5388700930C27 /* Kanji.xcodeproj */;
			proxyType = 2;
			remoteGlobalIDString = 7E0E8C241B6FA7170003FEC6;
			remoteInfo = KanjiLib;
		};
		49DBD7B81EB5388800930C27 /* PBXContainerItemProxy */ = {
			isa = PBXContainerItemProxy;
			containerPortal = 49DBD79D1EB5388700930C27 /* Kanji.xcodeproj */;
			proxyType = 2;
			remoteGlobalIDString = 7E0E8C2D1B6FA7170003FEC6;
			remoteInfo = KanjiLibTests;
		};
		49DBD7BA1EB5388800930C27 /* PBXContainerItemProxy */ = {
			isa = PBXContainerItemProxy;
			containerPortal = 49DBD79D1EB5388700930C27 /* Kanji.xcodeproj */;
			proxyType = 2;
			remoteGlobalIDString = 7E5ABD941B60483B00F11C77;
			remoteInfo = KanjiScript;
		};
		49DBD7BC1EB5388800930C27 /* PBXContainerItemProxy */ = {
			isa = PBXContainerItemProxy;
			containerPortal = 49DBD79D1EB5388700930C27 /* Kanji.xcodeproj */;
			proxyType = 2;
			remoteGlobalIDString = 7E5ABD9D1B60483C00F11C77;
			remoteInfo = KanjiScriptTests;
		};
		49DBD7BE1EB5388800930C27 /* PBXContainerItemProxy */ = {
			isa = PBXContainerItemProxy;
			containerPortal = 49DBD79D1EB5388700930C27 /* Kanji.xcodeproj */;
			proxyType = 2;
			remoteGlobalIDString = 7E5D8B471B66F3250038E02B;
			remoteInfo = KanjiGen;
		};
		49DBD7C01EB5388800930C27 /* PBXContainerItemProxy */ = {
			isa = PBXContainerItemProxy;
			containerPortal = 49DBD79D1EB5388700930C27 /* Kanji.xcodeproj */;
			proxyType = 2;
			remoteGlobalIDString = 7E5D8B501B66F3260038E02B;
			remoteInfo = KanjiGenTests;
		};
		49DBD7C21EB5388800930C27 /* PBXContainerItemProxy */ = {
			isa = PBXContainerItemProxy;
			containerPortal = 49DBD79D1EB5388700930C27 /* Kanji.xcodeproj */;
			proxyType = 2;
			remoteGlobalIDString = 7EF6C40B1BCEA7DE00309E9F;
			remoteInfo = KanjiTool;
		};
		49DBD7C91EB5389700930C27 /* PBXContainerItemProxy */ = {
			isa = PBXContainerItemProxy;
			containerPortal = 49DBD7C41EB5389700930C27 /* Glib.xcodeproj */;
			proxyType = 2;
			remoteGlobalIDString = 7ED32F651C7A277D0033005A;
			remoteInfo = Glib;
		};
		49DBD7CB1EB5389700930C27 /* PBXContainerItemProxy */ = {
			isa = PBXContainerItemProxy;
			containerPortal = 49DBD7C41EB5389700930C27 /* Glib.xcodeproj */;
			proxyType = 2;
			remoteGlobalIDString = 7ED32F6F1C7A277E0033005A;
			remoteInfo = GlibTests;
		};
		49DBD7CD1EB5389F00930C27 /* PBXContainerItemProxy */ = {
			isa = PBXContainerItemProxy;
			containerPortal = 49DBD7C41EB5389700930C27 /* Glib.xcodeproj */;
			proxyType = 1;
			remoteGlobalIDString = 7ED32F641C7A277D0033005A;
			remoteInfo = Glib;
		};
		49DBD7CF1EB5389F00930C27 /* PBXContainerItemProxy */ = {
			isa = PBXContainerItemProxy;
			containerPortal = 49DBD79D1EB5388700930C27 /* Kanji.xcodeproj */;
			proxyType = 1;
			remoteGlobalIDString = 7EA888041AAAB6DF00C6DBB3;
			remoteInfo = KanjiVM;
		};
		49DBD7D51EB6260C00930C27 /* PBXContainerItemProxy */ = {
			isa = PBXContainerItemProxy;
			containerPortal = 49DBD79D1EB5388700930C27 /* Kanji.xcodeproj */;
			proxyType = 1;
			remoteGlobalIDString = 7E35AE2D1BD7D7C100E93E09;
			remoteInfo = JavaLib;
		};
		49DBD7D71EB6260C00930C27 /* PBXContainerItemProxy */ = {
			isa = PBXContainerItemProxy;
			containerPortal = 49DBD79D1EB5388700930C27 /* Kanji.xcodeproj */;
			proxyType = 1;
			remoteGlobalIDString = 7E0E8C231B6FA7170003FEC6;
			remoteInfo = KanjiLib;
		};
		49DBD7D91EB6260C00930C27 /* PBXContainerItemProxy */ = {
			isa = PBXContainerItemProxy;
			containerPortal = 49DBD79D1EB5388700930C27 /* Kanji.xcodeproj */;
			proxyType = 1;
			remoteGlobalIDString = 7E5ABD931B60483B00F11C77;
			remoteInfo = KanjiScript;
		};
/* End PBXContainerItemProxy section */

/* Begin PBXCopyFilesBuildPhase section */
		49DBD7881EB5368000930C27 /* Embed Frameworks */ = {
			isa = PBXCopyFilesBuildPhase;
			buildActionMask = 2147483647;
			dstPath = "";
			dstSubfolderSpec = 10;
			files = (
				49DBD7841EB5368000930C27 /* Glintette.framework in Embed Frameworks */,
			);
			name = "Embed Frameworks";
			runOnlyForDeploymentPostprocessing = 0;
		};
/* End PBXCopyFilesBuildPhase section */

/* Begin PBXFileReference section */
		4966787A1EF2FD6E003698B7 /* BricBrac.xcodeproj */ = {isa = PBXFileReference; lastKnownFileType = "wrapper.pb-project"; name = BricBrac.xcodeproj; path = ../BricBrac/BricBrac.xcodeproj; sourceTree = "<group>"; };
		496678951EF3266A003698B7 /* GlintModel.framework */ = {isa = PBXFileReference; explicitFileType = wrapper.framework; includeInIndex = 0; path = GlintModel.framework; sourceTree = BUILT_PRODUCTS_DIR; };
		496678971EF3266A003698B7 /* GlintModel.h */ = {isa = PBXFileReference; lastKnownFileType = sourcecode.c.h; path = GlintModel.h; sourceTree = "<group>"; };
		496678981EF3266A003698B7 /* Info.plist */ = {isa = PBXFileReference; lastKnownFileType = text.plist.xml; path = Info.plist; sourceTree = "<group>"; };
		4966789D1EF32693003698B7 /* GlintProto.swift */ = {isa = PBXFileReference; fileEncoding = 4; lastKnownFileType = sourcecode.swift; path = GlintProto.swift; sourceTree = "<group>"; };
		4966789F1EF326AE003698B7 /* glintproto-schema.json */ = {isa = PBXFileReference; fileEncoding = 4; lastKnownFileType = text.json; path = "glintproto-schema.json"; sourceTree = "<group>"; };
		498A91FF1EB6C52D0038939C /* spark */ = {isa = PBXFileReference; lastKnownFileType = folder; path = spark; sourceTree = "<group>"; };
		49A0F4311ED4B15400ACC9A7 /* GlintSession.swift */ = {isa = PBXFileReference; fileEncoding = 4; lastKnownFileType = sourcecode.swift; path = GlintSession.swift; sourceTree = "<group>"; };
		49DBD7391EB5339F00930C27 /* Glint.app */ = {isa = PBXFileReference; explicitFileType = wrapper.application; includeInIndex = 0; path = Glint.app; sourceTree = BUILT_PRODUCTS_DIR; };
		49DBD73C1EB5339F00930C27 /* AppDelegate.swift */ = {isa = PBXFileReference; lastKnownFileType = sourcecode.swift; path = AppDelegate.swift; sourceTree = "<group>"; };
		49DBD73E1EB5339F00930C27 /* ViewController.swift */ = {isa = PBXFileReference; lastKnownFileType = sourcecode.swift; path = ViewController.swift; sourceTree = "<group>"; };
		49DBD7401EB5339F00930C27 /* Document.swift */ = {isa = PBXFileReference; lastKnownFileType = sourcecode.swift; path = Document.swift; sourceTree = "<group>"; };
		49DBD7421EB5339F00930C27 /* Assets.xcassets */ = {isa = PBXFileReference; lastKnownFileType = folder.assetcatalog; path = Assets.xcassets; sourceTree = "<group>"; };
		49DBD7451EB5339F00930C27 /* Base */ = {isa = PBXFileReference; lastKnownFileType = file.storyboard; name = Base; path = Base.lproj/Main.storyboard; sourceTree = "<group>"; };
		49DBD7471EB5339F00930C27 /* Info.plist */ = {isa = PBXFileReference; lastKnownFileType = text.plist.xml; path = Info.plist; sourceTree = "<group>"; };
		49DBD74C1EB5339F00930C27 /* GlintTests.xctest */ = {isa = PBXFileReference; explicitFileType = wrapper.cfbundle; includeInIndex = 0; path = GlintTests.xctest; sourceTree = BUILT_PRODUCTS_DIR; };
		49DBD7501EB5339F00930C27 /* GlintTests.swift */ = {isa = PBXFileReference; lastKnownFileType = sourcecode.swift; path = GlintTests.swift; sourceTree = "<group>"; };
		49DBD7521EB5339F00930C27 /* Info.plist */ = {isa = PBXFileReference; lastKnownFileType = text.plist.xml; path = Info.plist; sourceTree = "<group>"; };
		49DBD7571EB5339F00930C27 /* GlintUITests.xctest */ = {isa = PBXFileReference; explicitFileType = wrapper.cfbundle; includeInIndex = 0; path = GlintUITests.xctest; sourceTree = BUILT_PRODUCTS_DIR; };
		49DBD75B1EB5339F00930C27 /* GlintUITests.swift */ = {isa = PBXFileReference; lastKnownFileType = sourcecode.swift; path = GlintUITests.swift; sourceTree = "<group>"; };
		49DBD75D1EB5339F00930C27 /* Info.plist */ = {isa = PBXFileReference; lastKnownFileType = text.plist.xml; path = Info.plist; sourceTree = "<group>"; };
		49DBD76E1EB5368000930C27 /* Glintette.framework */ = {isa = PBXFileReference; explicitFileType = wrapper.framework; includeInIndex = 0; path = Glintette.framework; sourceTree = BUILT_PRODUCTS_DIR; };
		49DBD7701EB5368000930C27 /* Glintette.h */ = {isa = PBXFileReference; lastKnownFileType = sourcecode.c.h; path = Glintette.h; sourceTree = "<group>"; };
		49DBD7711EB5368000930C27 /* Info.plist */ = {isa = PBXFileReference; lastKnownFileType = text.plist.xml; path = Info.plist; sourceTree = "<group>"; };
		49DBD7761EB5368000930C27 /* GlintetteTests.xctest */ = {isa = PBXFileReference; explicitFileType = wrapper.cfbundle; includeInIndex = 0; path = GlintetteTests.xctest; sourceTree = BUILT_PRODUCTS_DIR; };
		49DBD77D1EB5368000930C27 /* GlintetteTests.swift */ = {isa = PBXFileReference; lastKnownFileType = sourcecode.swift; path = GlintetteTests.swift; sourceTree = "<group>"; };
		49DBD77F1EB5368000930C27 /* Info.plist */ = {isa = PBXFileReference; lastKnownFileType = text.plist.xml; path = Info.plist; sourceTree = "<group>"; };
		49DBD78F1EB5386300930C27 /* Glue.xcodeproj */ = {isa = PBXFileReference; lastKnownFileType = "wrapper.pb-project"; name = Glue.xcodeproj; path = ../Glue/Glue.xcodeproj; sourceTree = "<group>"; };
		49DBD79D1EB5388700930C27 /* Kanji.xcodeproj */ = {isa = PBXFileReference; lastKnownFileType = "wrapper.pb-project"; name = Kanji.xcodeproj; path = ../Kanji/Kanji.xcodeproj; sourceTree = "<group>"; };
		49DBD7C41EB5389700930C27 /* Glib.xcodeproj */ = {isa = PBXFileReference; lastKnownFileType = "wrapper.pb-project"; name = Glib.xcodeproj; path = ../Glib/Glib.xcodeproj; sourceTree = "<group>"; };
		49DBD7D31EB539DF00930C27 /* SparkSession.swift */ = {isa = PBXFileReference; fileEncoding = 4; lastKnownFileType = sourcecode.swift; path = SparkSession.swift; sourceTree = "<group>"; };
/* End PBXFileReference section */

/* Begin PBXFrameworksBuildPhase section */
		496678911EF3266A003698B7 /* Frameworks */ = {
			isa = PBXFrameworksBuildPhase;
			buildActionMask = 2147483647;
			files = (
			);
			runOnlyForDeploymentPostprocessing = 0;
		};
		49DBD7361EB5339F00930C27 /* Frameworks */ = {
			isa = PBXFrameworksBuildPhase;
			buildActionMask = 2147483647;
			files = (
				49A0F4431ED728CC00ACC9A7 /* Glue.framework in Frameworks */,
				49DBD7831EB5368000930C27 /* Glintette.framework in Frameworks */,
			);
			runOnlyForDeploymentPostprocessing = 0;
		};
		49DBD7491EB5339F00930C27 /* Frameworks */ = {
			isa = PBXFrameworksBuildPhase;
			buildActionMask = 2147483647;
			files = (
			);
			runOnlyForDeploymentPostprocessing = 0;
		};
		49DBD7541EB5339F00930C27 /* Frameworks */ = {
			isa = PBXFrameworksBuildPhase;
			buildActionMask = 2147483647;
			files = (
			);
			runOnlyForDeploymentPostprocessing = 0;
		};
		49DBD76A1EB5368000930C27 /* Frameworks */ = {
			isa = PBXFrameworksBuildPhase;
			buildActionMask = 2147483647;
			files = (
				498A91FD1EB6C2590038939C /* KanjiScript.framework in Frameworks */,
			);
			runOnlyForDeploymentPostprocessing = 0;
		};
		49DBD7731EB5368000930C27 /* Frameworks */ = {
			isa = PBXFrameworksBuildPhase;
			buildActionMask = 2147483647;
			files = (
				49DBD7771EB5368000930C27 /* Glintette.framework in Frameworks */,
			);
			runOnlyForDeploymentPostprocessing = 0;
		};
/* End PBXFrameworksBuildPhase section */

/* Begin PBXGroup section */
		4966787B1EF2FD6E003698B7 /* Products */ = {
			isa = PBXGroup;
			children = (
				496678831EF2FD6E003698B7 /* BricBrac.framework */,
				496678851EF2FD6E003698B7 /* BricBracTests.xctest */,
				496678871EF2FD6E003698B7 /* Curio.framework */,
				497F3DDE206D6FAA00FF5B6F /* CurioDemoModels.framework */,
				496678891EF2FD6E003698B7 /* CurioTests.xctest */,
				4966788B1EF2FD6E003698B7 /* curio */,
			);
			name = Products;
			sourceTree = "<group>";
		};
		496678961EF3266A003698B7 /* GlintModel */ = {
			isa = PBXGroup;
			children = (
				4966789D1EF32693003698B7 /* GlintProto.swift */,
				4966789F1EF326AE003698B7 /* glintproto-schema.json */,
				496678981EF3266A003698B7 /* Info.plist */,
				496678971EF3266A003698B7 /* GlintModel.h */,
			);
			path = GlintModel;
			sourceTree = "<group>";
		};
		498A91FE1EB6C5120038939C /* Resources */ = {
			isa = PBXGroup;
			children = (
				498A91FF1EB6C52D0038939C /* spark */,
			);
			name = Resources;
			sourceTree = "<group>";
		};
		49DBD7301EB5339F00930C27 = {
			isa = PBXGroup;
			children = (
				49DBD73B1EB5339F00930C27 /* Glint */,
				49DBD74F1EB5339F00930C27 /* GlintTests */,
				49DBD75A1EB5339F00930C27 /* GlintUITests */,
				49DBD76F1EB5368000930C27 /* Glintette */,
				49DBD77C1EB5368000930C27 /* GlintetteTests */,
				496678961EF3266A003698B7 /* GlintModel */,
				49DBD73A1EB5339F00930C27 /* Products */,
				498A91FE1EB6C5120038939C /* Resources */,
				49DBD78C1EB537A900930C27 /* Frameworks */,
			);
			sourceTree = "<group>";
		};
		49DBD73A1EB5339F00930C27 /* Products */ = {
			isa = PBXGroup;
			children = (
				49DBD7391EB5339F00930C27 /* Glint.app */,
				49DBD74C1EB5339F00930C27 /* GlintTests.xctest */,
				49DBD7571EB5339F00930C27 /* GlintUITests.xctest */,
				49DBD76E1EB5368000930C27 /* Glintette.framework */,
				49DBD7761EB5368000930C27 /* GlintetteTests.xctest */,
				496678951EF3266A003698B7 /* GlintModel.framework */,
			);
			name = Products;
			sourceTree = "<group>";
		};
		49DBD73B1EB5339F00930C27 /* Glint */ = {
			isa = PBXGroup;
			children = (
				49DBD73C1EB5339F00930C27 /* AppDelegate.swift */,
				49DBD73E1EB5339F00930C27 /* ViewController.swift */,
				49DBD7401EB5339F00930C27 /* Document.swift */,
				49DBD7421EB5339F00930C27 /* Assets.xcassets */,
				49DBD7441EB5339F00930C27 /* Main.storyboard */,
				49DBD7471EB5339F00930C27 /* Info.plist */,
			);
			path = Glint;
			sourceTree = "<group>";
		};
		49DBD74F1EB5339F00930C27 /* GlintTests */ = {
			isa = PBXGroup;
			children = (
				49DBD7501EB5339F00930C27 /* GlintTests.swift */,
				49DBD7521EB5339F00930C27 /* Info.plist */,
			);
			path = GlintTests;
			sourceTree = "<group>";
		};
		49DBD75A1EB5339F00930C27 /* GlintUITests */ = {
			isa = PBXGroup;
			children = (
				49DBD75B1EB5339F00930C27 /* GlintUITests.swift */,
				49DBD75D1EB5339F00930C27 /* Info.plist */,
			);
			path = GlintUITests;
			sourceTree = "<group>";
		};
		49DBD76F1EB5368000930C27 /* Glintette */ = {
			isa = PBXGroup;
			children = (
				49DBD7701EB5368000930C27 /* Glintette.h */,
				49DBD7D31EB539DF00930C27 /* SparkSession.swift */,
				49A0F4311ED4B15400ACC9A7 /* GlintSession.swift */,
				49DBD7711EB5368000930C27 /* Info.plist */,
			);
			path = Glintette;
			sourceTree = "<group>";
		};
		49DBD77C1EB5368000930C27 /* GlintetteTests */ = {
			isa = PBXGroup;
			children = (
				49DBD77D1EB5368000930C27 /* GlintetteTests.swift */,
				49DBD77F1EB5368000930C27 /* Info.plist */,
			);
			path = GlintetteTests;
			sourceTree = "<group>";
		};
		49DBD78C1EB537A900930C27 /* Frameworks */ = {
			isa = PBXGroup;
			children = (
				4966787A1EF2FD6E003698B7 /* BricBrac.xcodeproj */,
				49DBD7C41EB5389700930C27 /* Glib.xcodeproj */,
				49DBD79D1EB5388700930C27 /* Kanji.xcodeproj */,
				49DBD78F1EB5386300930C27 /* Glue.xcodeproj */,
			);
			name = Frameworks;
			sourceTree = "<group>";
		};
		49DBD7901EB5386300930C27 /* Products */ = {
			isa = PBXGroup;
			children = (
				49DBD7961EB5386300930C27 /* Glue.framework */,
				49DBD7981EB5386300930C27 /* GlueTests.xctest */,
				49DBD79A1EB5386300930C27 /* GlueDemo.app */,
			);
			name = Products;
			sourceTree = "<group>";
		};
		49DBD79E1EB5388700930C27 /* Products */ = {
			isa = PBXGroup;
			children = (
				49DBD7AD1EB5388800930C27 /* KanjiVM.framework */,
				49DBD7AF1EB5388800930C27 /* KanjiVMTests.xctest */,
				49DBD7B11EB5388800930C27 /* KanjiAvian.framework */,
				49DBD7B31EB5388800930C27 /* KanjiAvianTests.xctest */,
				49DBD7B51EB5388800930C27 /* JavaLib.framework */,
				49DBD7B71EB5388800930C27 /* KanjiLib.framework */,
				49DBD7B91EB5388800930C27 /* KanjiLibTests.xctest */,
				49DBD7BB1EB5388800930C27 /* KanjiScript.framework */,
				49DBD7BD1EB5388800930C27 /* KanjiScriptTests.xctest */,
				49DBD7BF1EB5388800930C27 /* KanjiGen.framework */,
				49DBD7C11EB5388800930C27 /* KanjiGenTests.xctest */,
				49DBD7C31EB5388800930C27 /* kanjitool */,
			);
			name = Products;
			sourceTree = "<group>";
		};
		49DBD7C51EB5389700930C27 /* Products */ = {
			isa = PBXGroup;
			children = (
				49DBD7CA1EB5389700930C27 /* Glib.framework */,
				49DBD7CC1EB5389700930C27 /* GlibTests.xctest */,
			);
			name = Products;
			sourceTree = "<group>";
		};
/* End PBXGroup section */

/* Begin PBXHeadersBuildPhase section */
		496678921EF3266A003698B7 /* Headers */ = {
			isa = PBXHeadersBuildPhase;
			buildActionMask = 2147483647;
			files = (
				496678991EF3266A003698B7 /* GlintModel.h in Headers */,
			);
			runOnlyForDeploymentPostprocessing = 0;
		};
		49DBD76B1EB5368000930C27 /* Headers */ = {
			isa = PBXHeadersBuildPhase;
			buildActionMask = 2147483647;
			files = (
				49DBD7801EB5368000930C27 /* Glintette.h in Headers */,
			);
			runOnlyForDeploymentPostprocessing = 0;
		};
/* End PBXHeadersBuildPhase section */

/* Begin PBXNativeTarget section */
		496678941EF3266A003698B7 /* GlintModel */ = {
			isa = PBXNativeTarget;
			buildConfigurationList = 4966789A1EF3266A003698B7 /* Build configuration list for PBXNativeTarget "GlintModel" */;
			buildPhases = (
				496678AB1EF3278C003698B7 /* Generate Model */,
				496678901EF3266A003698B7 /* Sources */,
				496678911EF3266A003698B7 /* Frameworks */,
				496678921EF3266A003698B7 /* Headers */,
				496678931EF3266A003698B7 /* Resources */,
			);
			buildRules = (
			);
			dependencies = (
				496678A21EF3271D003698B7 /* PBXTargetDependency */,
				496678A41EF3271D003698B7 /* PBXTargetDependency */,
				496678A61EF3271D003698B7 /* PBXTargetDependency */,
			);
			name = GlintModel;
			productName = GlintModel;
			productReference = 496678951EF3266A003698B7 /* GlintModel.framework */;
			productType = "com.apple.product-type.framework";
		};
		49DBD7381EB5339F00930C27 /* Glint */ = {
			isa = PBXNativeTarget;
			buildConfigurationList = 49DBD7601EB5339F00930C27 /* Build configuration list for PBXNativeTarget "Glint" */;
			buildPhases = (
				49DBD7351EB5339F00930C27 /* Sources */,
				49DBD7361EB5339F00930C27 /* Frameworks */,
				49DBD7371EB5339F00930C27 /* Resources */,
				49DBD7881EB5368000930C27 /* Embed Frameworks */,
			);
			buildRules = (
			);
			dependencies = (
				496678AA1EF32744003698B7 /* PBXTargetDependency */,
				49A0F4421ED728C300ACC9A7 /* PBXTargetDependency */,
				49DBD7821EB5368000930C27 /* PBXTargetDependency */,
			);
			name = Glint;
			productName = Glint;
			productReference = 49DBD7391EB5339F00930C27 /* Glint.app */;
			productType = "com.apple.product-type.application";
		};
		49DBD74B1EB5339F00930C27 /* GlintTests */ = {
			isa = PBXNativeTarget;
			buildConfigurationList = 49DBD7631EB5339F00930C27 /* Build configuration list for PBXNativeTarget "GlintTests" */;
			buildPhases = (
				49DBD7481EB5339F00930C27 /* Sources */,
				49DBD7491EB5339F00930C27 /* Frameworks */,
				49DBD74A1EB5339F00930C27 /* Resources */,
			);
			buildRules = (
			);
			dependencies = (
				49DBD74E1EB5339F00930C27 /* PBXTargetDependency */,
			);
			name = GlintTests;
			productName = GlintTests;
			productReference = 49DBD74C1EB5339F00930C27 /* GlintTests.xctest */;
			productType = "com.apple.product-type.bundle.unit-test";
		};
		49DBD7561EB5339F00930C27 /* GlintUITests */ = {
			isa = PBXNativeTarget;
			buildConfigurationList = 49DBD7661EB5339F00930C27 /* Build configuration list for PBXNativeTarget "GlintUITests" */;
			buildPhases = (
				49DBD7531EB5339F00930C27 /* Sources */,
				49DBD7541EB5339F00930C27 /* Frameworks */,
				49DBD7551EB5339F00930C27 /* Resources */,
			);
			buildRules = (
			);
			dependencies = (
				49DBD7591EB5339F00930C27 /* PBXTargetDependency */,
			);
			name = GlintUITests;
			productName = GlintUITests;
			productReference = 49DBD7571EB5339F00930C27 /* GlintUITests.xctest */;
			productType = "com.apple.product-type.bundle.ui-testing";
		};
		49DBD76D1EB5368000930C27 /* Glintette */ = {
			isa = PBXNativeTarget;
			buildConfigurationList = 49DBD7851EB5368000930C27 /* Build configuration list for PBXNativeTarget "Glintette" */;
			buildPhases = (
				49DBD7691EB5368000930C27 /* Sources */,
				49DBD76A1EB5368000930C27 /* Frameworks */,
				49DBD76B1EB5368000930C27 /* Headers */,
				49DBD76C1EB5368000930C27 /* Resources */,
			);
			buildRules = (
			);
			dependencies = (
				496678A81EF3272F003698B7 /* PBXTargetDependency */,
				49DBD7D61EB6260C00930C27 /* PBXTargetDependency */,
				49DBD7D81EB6260C00930C27 /* PBXTargetDependency */,
				49DBD7DA1EB6260C00930C27 /* PBXTargetDependency */,
				49DBD7CE1EB5389F00930C27 /* PBXTargetDependency */,
				49DBD7D01EB5389F00930C27 /* PBXTargetDependency */,
			);
			name = Glintette;
			productName = Glintette;
			productReference = 49DBD76E1EB5368000930C27 /* Glintette.framework */;
			productType = "com.apple.product-type.framework";
		};
		49DBD7751EB5368000930C27 /* GlintetteTests */ = {
			isa = PBXNativeTarget;
			buildConfigurationList = 49DBD7891EB5368000930C27 /* Build configuration list for PBXNativeTarget "GlintetteTests" */;
			buildPhases = (
				49DBD7721EB5368000930C27 /* Sources */,
				49DBD7731EB5368000930C27 /* Frameworks */,
				49DBD7741EB5368000930C27 /* Resources */,
			);
			buildRules = (
			);
			dependencies = (
				49DBD7791EB5368000930C27 /* PBXTargetDependency */,
				49DBD77B1EB5368000930C27 /* PBXTargetDependency */,
			);
			name = GlintetteTests;
			productName = GlintetteTests;
			productReference = 49DBD7761EB5368000930C27 /* GlintetteTests.xctest */;
			productType = "com.apple.product-type.bundle.unit-test";
		};
/* End PBXNativeTarget section */

/* Begin PBXProject section */
		49DBD7311EB5339F00930C27 /* Project object */ = {
			isa = PBXProject;
			attributes = {
				LastSwiftUpdateCheck = 0830;
				LastUpgradeCheck = 1020;
				ORGANIZATIONNAME = "Glimpse I/O";
				TargetAttributes = {
					496678941EF3266A003698B7 = {
						CreatedOnToolsVersion = 8.3.3;
						DevelopmentTeam = 2HFBY6N8ZN;
						LastSwiftMigration = 0830;
						ProvisioningStyle = Automatic;
					};
					49DBD7381EB5339F00930C27 = {
						CreatedOnToolsVersion = 8.3.2;
						DevelopmentTeam = 2HFBY6N8ZN;
						ProvisioningStyle = Automatic;
					};
					49DBD74B1EB5339F00930C27 = {
						CreatedOnToolsVersion = 8.3.2;
						DevelopmentTeam = 2HFBY6N8ZN;
						ProvisioningStyle = Automatic;
						TestTargetID = 49DBD7381EB5339F00930C27;
					};
					49DBD7561EB5339F00930C27 = {
						CreatedOnToolsVersion = 8.3.2;
						DevelopmentTeam = 2HFBY6N8ZN;
						ProvisioningStyle = Automatic;
						TestTargetID = 49DBD7381EB5339F00930C27;
					};
					49DBD76D1EB5368000930C27 = {
						CreatedOnToolsVersion = 8.3.2;
						DevelopmentTeam = 2HFBY6N8ZN;
						LastSwiftMigration = 0830;
						ProvisioningStyle = Automatic;
					};
					49DBD7751EB5368000930C27 = {
						CreatedOnToolsVersion = 8.3.2;
						DevelopmentTeam = 2HFBY6N8ZN;
						ProvisioningStyle = Automatic;
					};
				};
			};
			buildConfigurationList = 49DBD7341EB5339F00930C27 /* Build configuration list for PBXProject "Glint" */;
			compatibilityVersion = "Xcode 3.2";
			developmentRegion = en;
			hasScannedForEncodings = 0;
			knownRegions = (
				en,
				Base,
			);
			mainGroup = 49DBD7301EB5339F00930C27;
			productRefGroup = 49DBD73A1EB5339F00930C27 /* Products */;
			projectDirPath = "";
			projectReferences = (
				{
					ProductGroup = 4966787B1EF2FD6E003698B7 /* Products */;
					ProjectRef = 4966787A1EF2FD6E003698B7 /* BricBrac.xcodeproj */;
				},
				{
					ProductGroup = 49DBD7C51EB5389700930C27 /* Products */;
					ProjectRef = 49DBD7C41EB5389700930C27 /* Glib.xcodeproj */;
				},
				{
					ProductGroup = 49DBD7901EB5386300930C27 /* Products */;
					ProjectRef = 49DBD78F1EB5386300930C27 /* Glue.xcodeproj */;
				},
				{
					ProductGroup = 49DBD79E1EB5388700930C27 /* Products */;
					ProjectRef = 49DBD79D1EB5388700930C27 /* Kanji.xcodeproj */;
				},
			);
			projectRoot = "";
			targets = (
				49DBD7381EB5339F00930C27 /* Glint */,
				49DBD74B1EB5339F00930C27 /* GlintTests */,
				49DBD7561EB5339F00930C27 /* GlintUITests */,
				49DBD76D1EB5368000930C27 /* Glintette */,
				49DBD7751EB5368000930C27 /* GlintetteTests */,
				496678941EF3266A003698B7 /* GlintModel */,
			);
		};
/* End PBXProject section */

/* Begin PBXReferenceProxy section */
		496678831EF2FD6E003698B7 /* BricBrac.framework */ = {
			isa = PBXReferenceProxy;
			fileType = wrapper.framework;
			path = BricBrac.framework;
			remoteRef = 496678821EF2FD6E003698B7 /* PBXContainerItemProxy */;
			sourceTree = BUILT_PRODUCTS_DIR;
		};
		496678851EF2FD6E003698B7 /* BricBracTests.xctest */ = {
			isa = PBXReferenceProxy;
			fileType = wrapper.cfbundle;
			path = BricBracTests.xctest;
			remoteRef = 496678841EF2FD6E003698B7 /* PBXContainerItemProxy */;
			sourceTree = BUILT_PRODUCTS_DIR;
		};
		496678871EF2FD6E003698B7 /* Curio.framework */ = {
			isa = PBXReferenceProxy;
			fileType = wrapper.framework;
			path = Curio.framework;
			remoteRef = 496678861EF2FD6E003698B7 /* PBXContainerItemProxy */;
			sourceTree = BUILT_PRODUCTS_DIR;
		};
		496678891EF2FD6E003698B7 /* CurioTests.xctest */ = {
			isa = PBXReferenceProxy;
			fileType = wrapper.cfbundle;
			path = CurioTests.xctest;
			remoteRef = 496678881EF2FD6E003698B7 /* PBXContainerItemProxy */;
			sourceTree = BUILT_PRODUCTS_DIR;
		};
		4966788B1EF2FD6E003698B7 /* curio */ = {
			isa = PBXReferenceProxy;
			fileType = "compiled.mach-o.executable";
			path = curio;
			remoteRef = 4966788A1EF2FD6E003698B7 /* PBXContainerItemProxy */;
			sourceTree = BUILT_PRODUCTS_DIR;
		};
		497F3DDE206D6FAA00FF5B6F /* CurioDemoModels.framework */ = {
			isa = PBXReferenceProxy;
			fileType = wrapper.framework;
			path = CurioDemoModels.framework;
			remoteRef = 497F3DDD206D6FAA00FF5B6F /* PBXContainerItemProxy */;
			sourceTree = BUILT_PRODUCTS_DIR;
		};
		49DBD7961EB5386300930C27 /* Glue.framework */ = {
			isa = PBXReferenceProxy;
			fileType = wrapper.framework;
			path = Glue.framework;
			remoteRef = 49DBD7951EB5386300930C27 /* PBXContainerItemProxy */;
			sourceTree = BUILT_PRODUCTS_DIR;
		};
		49DBD7981EB5386300930C27 /* GlueTests.xctest */ = {
			isa = PBXReferenceProxy;
			fileType = wrapper.cfbundle;
			path = GlueTests.xctest;
			remoteRef = 49DBD7971EB5386300930C27 /* PBXContainerItemProxy */;
			sourceTree = BUILT_PRODUCTS_DIR;
		};
		49DBD79A1EB5386300930C27 /* GlueDemo.app */ = {
			isa = PBXReferenceProxy;
			fileType = wrapper.application;
			path = GlueDemo.app;
			remoteRef = 49DBD7991EB5386300930C27 /* PBXContainerItemProxy */;
			sourceTree = BUILT_PRODUCTS_DIR;
		};
		49DBD7AD1EB5388800930C27 /* KanjiVM.framework */ = {
			isa = PBXReferenceProxy;
			fileType = wrapper.framework;
			path = KanjiVM.framework;
			remoteRef = 49DBD7AC1EB5388800930C27 /* PBXContainerItemProxy */;
			sourceTree = BUILT_PRODUCTS_DIR;
		};
		49DBD7AF1EB5388800930C27 /* KanjiVMTests.xctest */ = {
			isa = PBXReferenceProxy;
			fileType = wrapper.cfbundle;
			path = KanjiVMTests.xctest;
			remoteRef = 49DBD7AE1EB5388800930C27 /* PBXContainerItemProxy */;
			sourceTree = BUILT_PRODUCTS_DIR;
		};
		49DBD7B11EB5388800930C27 /* KanjiAvian.framework */ = {
			isa = PBXReferenceProxy;
			fileType = wrapper.framework;
			path = KanjiAvian.framework;
			remoteRef = 49DBD7B01EB5388800930C27 /* PBXContainerItemProxy */;
			sourceTree = BUILT_PRODUCTS_DIR;
		};
		49DBD7B31EB5388800930C27 /* KanjiAvianTests.xctest */ = {
			isa = PBXReferenceProxy;
			fileType = wrapper.cfbundle;
			path = KanjiAvianTests.xctest;
			remoteRef = 49DBD7B21EB5388800930C27 /* PBXContainerItemProxy */;
			sourceTree = BUILT_PRODUCTS_DIR;
		};
		49DBD7B51EB5388800930C27 /* JavaLib.framework */ = {
			isa = PBXReferenceProxy;
			fileType = wrapper.framework;
			path = JavaLib.framework;
			remoteRef = 49DBD7B41EB5388800930C27 /* PBXContainerItemProxy */;
			sourceTree = BUILT_PRODUCTS_DIR;
		};
		49DBD7B71EB5388800930C27 /* KanjiLib.framework */ = {
			isa = PBXReferenceProxy;
			fileType = wrapper.framework;
			path = KanjiLib.framework;
			remoteRef = 49DBD7B61EB5388800930C27 /* PBXContainerItemProxy */;
			sourceTree = BUILT_PRODUCTS_DIR;
		};
		49DBD7B91EB5388800930C27 /* KanjiLibTests.xctest */ = {
			isa = PBXReferenceProxy;
			fileType = wrapper.cfbundle;
			path = KanjiLibTests.xctest;
			remoteRef = 49DBD7B81EB5388800930C27 /* PBXContainerItemProxy */;
			sourceTree = BUILT_PRODUCTS_DIR;
		};
		49DBD7BB1EB5388800930C27 /* KanjiScript.framework */ = {
			isa = PBXReferenceProxy;
			fileType = wrapper.framework;
			path = KanjiScript.framework;
			remoteRef = 49DBD7BA1EB5388800930C27 /* PBXContainerItemProxy */;
			sourceTree = BUILT_PRODUCTS_DIR;
		};
		49DBD7BD1EB5388800930C27 /* KanjiScriptTests.xctest */ = {
			isa = PBXReferenceProxy;
			fileType = wrapper.cfbundle;
			path = KanjiScriptTests.xctest;
			remoteRef = 49DBD7BC1EB5388800930C27 /* PBXContainerItemProxy */;
			sourceTree = BUILT_PRODUCTS_DIR;
		};
		49DBD7BF1EB5388800930C27 /* KanjiGen.framework */ = {
			isa = PBXReferenceProxy;
			fileType = wrapper.framework;
			path = KanjiGen.framework;
			remoteRef = 49DBD7BE1EB5388800930C27 /* PBXContainerItemProxy */;
			sourceTree = BUILT_PRODUCTS_DIR;
		};
		49DBD7C11EB5388800930C27 /* KanjiGenTests.xctest */ = {
			isa = PBXReferenceProxy;
			fileType = wrapper.cfbundle;
			path = KanjiGenTests.xctest;
			remoteRef = 49DBD7C01EB5388800930C27 /* PBXContainerItemProxy */;
			sourceTree = BUILT_PRODUCTS_DIR;
		};
		49DBD7C31EB5388800930C27 /* kanjitool */ = {
			isa = PBXReferenceProxy;
			fileType = "compiled.mach-o.executable";
			path = kanjitool;
			remoteRef = 49DBD7C21EB5388800930C27 /* PBXContainerItemProxy */;
			sourceTree = BUILT_PRODUCTS_DIR;
		};
		49DBD7CA1EB5389700930C27 /* Glib.framework */ = {
			isa = PBXReferenceProxy;
			fileType = wrapper.framework;
			path = Glib.framework;
			remoteRef = 49DBD7C91EB5389700930C27 /* PBXContainerItemProxy */;
			sourceTree = BUILT_PRODUCTS_DIR;
		};
		49DBD7CC1EB5389700930C27 /* GlibTests.xctest */ = {
			isa = PBXReferenceProxy;
			fileType = wrapper.cfbundle;
			path = GlibTests.xctest;
			remoteRef = 49DBD7CB1EB5389700930C27 /* PBXContainerItemProxy */;
			sourceTree = BUILT_PRODUCTS_DIR;
		};
/* End PBXReferenceProxy section */

/* Begin PBXResourcesBuildPhase section */
		496678931EF3266A003698B7 /* Resources */ = {
			isa = PBXResourcesBuildPhase;
			buildActionMask = 2147483647;
			files = (
				496678A01EF326AE003698B7 /* glintproto-schema.json in Resources */,
			);
			runOnlyForDeploymentPostprocessing = 0;
		};
		49DBD7371EB5339F00930C27 /* Resources */ = {
			isa = PBXResourcesBuildPhase;
			buildActionMask = 2147483647;
			files = (
				49DBD7431EB5339F00930C27 /* Assets.xcassets in Resources */,
				49DBD7461EB5339F00930C27 /* Main.storyboard in Resources */,
			);
			runOnlyForDeploymentPostprocessing = 0;
		};
		49DBD74A1EB5339F00930C27 /* Resources */ = {
			isa = PBXResourcesBuildPhase;
			buildActionMask = 2147483647;
			files = (
			);
			runOnlyForDeploymentPostprocessing = 0;
		};
		49DBD7551EB5339F00930C27 /* Resources */ = {
			isa = PBXResourcesBuildPhase;
			buildActionMask = 2147483647;
			files = (
			);
			runOnlyForDeploymentPostprocessing = 0;
		};
		49DBD76C1EB5368000930C27 /* Resources */ = {
			isa = PBXResourcesBuildPhase;
			buildActionMask = 2147483647;
			files = (
				498A92001EB6C52D0038939C /* spark in Resources */,
			);
			runOnlyForDeploymentPostprocessing = 0;
		};
		49DBD7741EB5368000930C27 /* Resources */ = {
			isa = PBXResourcesBuildPhase;
			buildActionMask = 2147483647;
			files = (
			);
			runOnlyForDeploymentPostprocessing = 0;
		};
/* End PBXResourcesBuildPhase section */

/* Begin PBXShellScriptBuildPhase section */
		496678AB1EF3278C003698B7 /* Generate Model */ = {
			isa = PBXShellScriptBuildPhase;
			buildActionMask = 2147483647;
			files = (
			);
			inputPaths = (
				"$(SRCROOT)/glintproto-schema.json",
			);
			name = "Generate Model";
			outputPaths = (
				"$(SRCROOT)/GlintProto.swift",
			);
			runOnlyForDeploymentPostprocessing = 0;
			shellPath = /bin/sh;
			shellScript = "echo \"Generating model file\"\ncat ${SRCROOT}/GlintModel/glintproto-schema.json | ${BUILT_PRODUCTS_DIR}/curio -name GlintProto > ${SRCROOT}/GlintModel/GlintProto.swift";
		};
/* End PBXShellScriptBuildPhase section */

/* Begin PBXSourcesBuildPhase section */
		496678901EF3266A003698B7 /* Sources */ = {
			isa = PBXSourcesBuildPhase;
			buildActionMask = 2147483647;
			files = (
				4966789E1EF32693003698B7 /* GlintProto.swift in Sources */,
			);
			runOnlyForDeploymentPostprocessing = 0;
		};
		49DBD7351EB5339F00930C27 /* Sources */ = {
			isa = PBXSourcesBuildPhase;
			buildActionMask = 2147483647;
			files = (
				49DBD73F1EB5339F00930C27 /* ViewController.swift in Sources */,
				49DBD73D1EB5339F00930C27 /* AppDelegate.swift in Sources */,
				49DBD7411EB5339F00930C27 /* Document.swift in Sources */,
			);
			runOnlyForDeploymentPostprocessing = 0;
		};
		49DBD7481EB5339F00930C27 /* Sources */ = {
			isa = PBXSourcesBuildPhase;
			buildActionMask = 2147483647;
			files = (
				49DBD7511EB5339F00930C27 /* GlintTests.swift in Sources */,
			);
			runOnlyForDeploymentPostprocessing = 0;
		};
		49DBD7531EB5339F00930C27 /* Sources */ = {
			isa = PBXSourcesBuildPhase;
			buildActionMask = 2147483647;
			files = (
				49DBD75C1EB5339F00930C27 /* GlintUITests.swift in Sources */,
			);
			runOnlyForDeploymentPostprocessing = 0;
		};
		49DBD7691EB5368000930C27 /* Sources */ = {
			isa = PBXSourcesBuildPhase;
			buildActionMask = 2147483647;
			files = (
				49DBD7D41EB539DF00930C27 /* SparkSession.swift in Sources */,
				49A0F4321ED4B15400ACC9A7 /* GlintSession.swift in Sources */,
			);
			runOnlyForDeploymentPostprocessing = 0;
		};
		49DBD7721EB5368000930C27 /* Sources */ = {
			isa = PBXSourcesBuildPhase;
			buildActionMask = 2147483647;
			files = (
				49DBD77E1EB5368000930C27 /* GlintetteTests.swift in Sources */,
			);
			runOnlyForDeploymentPostprocessing = 0;
		};
/* End PBXSourcesBuildPhase section */

/* Begin PBXTargetDependency section */
		496678A21EF3271D003698B7 /* PBXTargetDependency */ = {
			isa = PBXTargetDependency;
			name = BricBrac;
			targetProxy = 496678A11EF3271D003698B7 /* PBXContainerItemProxy */;
		};
		496678A41EF3271D003698B7 /* PBXTargetDependency */ = {
			isa = PBXTargetDependency;
			name = Curio;
			targetProxy = 496678A31EF3271D003698B7 /* PBXContainerItemProxy */;
		};
		496678A61EF3271D003698B7 /* PBXTargetDependency */ = {
			isa = PBXTargetDependency;
			name = CurioTool;
			targetProxy = 496678A51EF3271D003698B7 /* PBXContainerItemProxy */;
		};
		496678A81EF3272F003698B7 /* PBXTargetDependency */ = {
			isa = PBXTargetDependency;
			target = 496678941EF3266A003698B7 /* GlintModel */;
			targetProxy = 496678A71EF3272F003698B7 /* PBXContainerItemProxy */;
		};
		496678AA1EF32744003698B7 /* PBXTargetDependency */ = {
			isa = PBXTargetDependency;
			target = 496678941EF3266A003698B7 /* GlintModel */;
			targetProxy = 496678A91EF32744003698B7 /* PBXContainerItemProxy */;
		};
		49A0F4421ED728C300ACC9A7 /* PBXTargetDependency */ = {
			isa = PBXTargetDependency;
			name = Glue;
			targetProxy = 49A0F4411ED728C300ACC9A7 /* PBXContainerItemProxy */;
		};
		49DBD74E1EB5339F00930C27 /* PBXTargetDependency */ = {
			isa = PBXTargetDependency;
			target = 49DBD7381EB5339F00930C27 /* Glint */;
			targetProxy = 49DBD74D1EB5339F00930C27 /* PBXContainerItemProxy */;
		};
		49DBD7591EB5339F00930C27 /* PBXTargetDependency */ = {
			isa = PBXTargetDependency;
			target = 49DBD7381EB5339F00930C27 /* Glint */;
			targetProxy = 49DBD7581EB5339F00930C27 /* PBXContainerItemProxy */;
		};
		49DBD7791EB5368000930C27 /* PBXTargetDependency */ = {
			isa = PBXTargetDependency;
			target = 49DBD76D1EB5368000930C27 /* Glintette */;
			targetProxy = 49DBD7781EB5368000930C27 /* PBXContainerItemProxy */;
		};
		49DBD77B1EB5368000930C27 /* PBXTargetDependency */ = {
			isa = PBXTargetDependency;
			target = 49DBD7381EB5339F00930C27 /* Glint */;
			targetProxy = 49DBD77A1EB5368000930C27 /* PBXContainerItemProxy */;
		};
		49DBD7821EB5368000930C27 /* PBXTargetDependency */ = {
			isa = PBXTargetDependency;
			target = 49DBD76D1EB5368000930C27 /* Glintette */;
			targetProxy = 49DBD7811EB5368000930C27 /* PBXContainerItemProxy */;
		};
		49DBD7CE1EB5389F00930C27 /* PBXTargetDependency */ = {
			isa = PBXTargetDependency;
			name = Glib;
			targetProxy = 49DBD7CD1EB5389F00930C27 /* PBXContainerItemProxy */;
		};
		49DBD7D01EB5389F00930C27 /* PBXTargetDependency */ = {
			isa = PBXTargetDependency;
			name = KanjiVM;
			targetProxy = 49DBD7CF1EB5389F00930C27 /* PBXContainerItemProxy */;
		};
		49DBD7D61EB6260C00930C27 /* PBXTargetDependency */ = {
			isa = PBXTargetDependency;
			name = JavaLib;
			targetProxy = 49DBD7D51EB6260C00930C27 /* PBXContainerItemProxy */;
		};
		49DBD7D81EB6260C00930C27 /* PBXTargetDependency */ = {
			isa = PBXTargetDependency;
			name = KanjiLib;
			targetProxy = 49DBD7D71EB6260C00930C27 /* PBXContainerItemProxy */;
		};
		49DBD7DA1EB6260C00930C27 /* PBXTargetDependency */ = {
			isa = PBXTargetDependency;
			name = KanjiScript;
			targetProxy = 49DBD7D91EB6260C00930C27 /* PBXContainerItemProxy */;
		};
/* End PBXTargetDependency section */

/* Begin PBXVariantGroup section */
		49DBD7441EB5339F00930C27 /* Main.storyboard */ = {
			isa = PBXVariantGroup;
			children = (
				49DBD7451EB5339F00930C27 /* Base */,
			);
			name = Main.storyboard;
			sourceTree = "<group>";
		};
/* End PBXVariantGroup section */

/* Begin XCBuildConfiguration section */
		4966789B1EF3266A003698B7 /* Debug */ = {
			isa = XCBuildConfiguration;
			buildSettings = {
				CLANG_ENABLE_MODULES = YES;
				CODE_SIGN_IDENTITY = "";
				COMBINE_HIDPI_IMAGES = YES;
				CURRENT_PROJECT_VERSION = 1;
				DEFINES_MODULE = YES;
				DEVELOPMENT_TEAM = 2HFBY6N8ZN;
				DYLIB_COMPATIBILITY_VERSION = 1;
				DYLIB_CURRENT_VERSION = 1;
				DYLIB_INSTALL_NAME_BASE = "@rpath";
				FRAMEWORK_VERSION = A;
				INFOPLIST_FILE = GlintModel/Info.plist;
				INSTALL_PATH = "$(LOCAL_LIBRARY_DIR)/Frameworks";
				LD_RUNPATH_SEARCH_PATHS = "$(inherited) @executable_path/../Frameworks @loader_path/Frameworks";
				PRODUCT_BUNDLE_IDENTIFIER = io.glimpse.Glint.GlintModel;
				PRODUCT_NAME = "$(TARGET_NAME)";
				SKIP_INSTALL = YES;
				VERSIONING_SYSTEM = "apple-generic";
				VERSION_INFO_PREFIX = "";
			};
			name = Debug;
		};
		4966789C1EF3266A003698B7 /* Release */ = {
			isa = XCBuildConfiguration;
			buildSettings = {
				CLANG_ENABLE_MODULES = YES;
				CODE_SIGN_IDENTITY = "";
				COMBINE_HIDPI_IMAGES = YES;
				CURRENT_PROJECT_VERSION = 1;
				DEFINES_MODULE = YES;
				DEVELOPMENT_TEAM = 2HFBY6N8ZN;
				DYLIB_COMPATIBILITY_VERSION = 1;
				DYLIB_CURRENT_VERSION = 1;
				DYLIB_INSTALL_NAME_BASE = "@rpath";
				FRAMEWORK_VERSION = A;
				INFOPLIST_FILE = GlintModel/Info.plist;
				INSTALL_PATH = "$(LOCAL_LIBRARY_DIR)/Frameworks";
				LD_RUNPATH_SEARCH_PATHS = "$(inherited) @executable_path/../Frameworks @loader_path/Frameworks";
				PRODUCT_BUNDLE_IDENTIFIER = io.glimpse.Glint.GlintModel;
				PRODUCT_NAME = "$(TARGET_NAME)";
				SKIP_INSTALL = YES;
				VERSIONING_SYSTEM = "apple-generic";
				VERSION_INFO_PREFIX = "";
			};
			name = Release;
		};
		49DBD75E1EB5339F00930C27 /* Debug */ = {
			isa = XCBuildConfiguration;
			buildSettings = {
				ALWAYS_SEARCH_USER_PATHS = NO;
				CLANG_ANALYZER_LOCALIZABILITY_NONLOCALIZED = YES;
				CLANG_ANALYZER_NONNULL = YES;
				CLANG_ANALYZER_NUMBER_OBJECT_CONVERSION = YES_AGGRESSIVE;
				CLANG_CXX_LANGUAGE_STANDARD = "gnu++0x";
				CLANG_CXX_LIBRARY = "libc++";
				CLANG_ENABLE_MODULES = YES;
				CLANG_ENABLE_OBJC_ARC = YES;
				CLANG_WARN_BLOCK_CAPTURE_AUTORELEASING = YES;
				CLANG_WARN_BOOL_CONVERSION = YES;
				CLANG_WARN_COMMA = YES;
				CLANG_WARN_CONSTANT_CONVERSION = YES;
				CLANG_WARN_DEPRECATED_OBJC_IMPLEMENTATIONS = YES;
				CLANG_WARN_DIRECT_OBJC_ISA_USAGE = YES_ERROR;
				CLANG_WARN_DOCUMENTATION_COMMENTS = YES;
				CLANG_WARN_EMPTY_BODY = YES;
				CLANG_WARN_ENUM_CONVERSION = YES;
				CLANG_WARN_INFINITE_RECURSION = YES;
				CLANG_WARN_INT_CONVERSION = YES;
				CLANG_WARN_NON_LITERAL_NULL_CONVERSION = YES;
				CLANG_WARN_OBJC_IMPLICIT_RETAIN_SELF = YES;
				CLANG_WARN_OBJC_LITERAL_CONVERSION = YES;
				CLANG_WARN_OBJC_ROOT_CLASS = YES_ERROR;
				CLANG_WARN_RANGE_LOOP_ANALYSIS = YES;
				CLANG_WARN_STRICT_PROTOTYPES = YES;
				CLANG_WARN_SUSPICIOUS_MOVE = YES;
				CLANG_WARN_UNREACHABLE_CODE = YES;
				CLANG_WARN__DUPLICATE_METHOD_MATCH = YES;
				CODE_SIGN_IDENTITY = "-";
				COPY_PHASE_STRIP = NO;
				DEBUG_INFORMATION_FORMAT = dwarf;
				ENABLE_STRICT_OBJC_MSGSEND = YES;
				ENABLE_TESTABILITY = YES;
				GCC_C_LANGUAGE_STANDARD = gnu99;
				GCC_DYNAMIC_NO_PIC = NO;
				GCC_NO_COMMON_BLOCKS = YES;
				GCC_OPTIMIZATION_LEVEL = 0;
				GCC_PREPROCESSOR_DEFINITIONS = (
					"DEBUG=1",
					"$(inherited)",
				);
				GCC_WARN_64_TO_32_BIT_CONVERSION = YES;
				GCC_WARN_ABOUT_RETURN_TYPE = YES_ERROR;
				GCC_WARN_UNDECLARED_SELECTOR = YES;
				GCC_WARN_UNINITIALIZED_AUTOS = YES_AGGRESSIVE;
				GCC_WARN_UNUSED_FUNCTION = YES;
				GCC_WARN_UNUSED_VARIABLE = YES;
				MACOSX_DEPLOYMENT_TARGET = 10.12;
				MTL_ENABLE_DEBUG_INFO = YES;
				ONLY_ACTIVE_ARCH = YES;
				SDKROOT = macosx;
				SWIFT_ACTIVE_COMPILATION_CONDITIONS = DEBUG;
				SWIFT_VERSION = 5.0;
			};
			name = Debug;
		};
		49DBD75F1EB5339F00930C27 /* Release */ = {
			isa = XCBuildConfiguration;
			buildSettings = {
				ALWAYS_SEARCH_USER_PATHS = NO;
				CLANG_ANALYZER_LOCALIZABILITY_NONLOCALIZED = YES;
				CLANG_ANALYZER_NONNULL = YES;
				CLANG_ANALYZER_NUMBER_OBJECT_CONVERSION = YES_AGGRESSIVE;
				CLANG_CXX_LANGUAGE_STANDARD = "gnu++0x";
				CLANG_CXX_LIBRARY = "libc++";
				CLANG_ENABLE_MODULES = YES;
				CLANG_ENABLE_OBJC_ARC = YES;
				CLANG_WARN_BLOCK_CAPTURE_AUTORELEASING = YES;
				CLANG_WARN_BOOL_CONVERSION = YES;
				CLANG_WARN_COMMA = YES;
				CLANG_WARN_CONSTANT_CONVERSION = YES;
				CLANG_WARN_DEPRECATED_OBJC_IMPLEMENTATIONS = YES;
				CLANG_WARN_DIRECT_OBJC_ISA_USAGE = YES_ERROR;
				CLANG_WARN_DOCUMENTATION_COMMENTS = YES;
				CLANG_WARN_EMPTY_BODY = YES;
				CLANG_WARN_ENUM_CONVERSION = YES;
				CLANG_WARN_INFINITE_RECURSION = YES;
				CLANG_WARN_INT_CONVERSION = YES;
				CLANG_WARN_NON_LITERAL_NULL_CONVERSION = YES;
				CLANG_WARN_OBJC_IMPLICIT_RETAIN_SELF = YES;
				CLANG_WARN_OBJC_LITERAL_CONVERSION = YES;
				CLANG_WARN_OBJC_ROOT_CLASS = YES_ERROR;
				CLANG_WARN_RANGE_LOOP_ANALYSIS = YES;
				CLANG_WARN_STRICT_PROTOTYPES = YES;
				CLANG_WARN_SUSPICIOUS_MOVE = YES;
				CLANG_WARN_UNREACHABLE_CODE = YES;
				CLANG_WARN__DUPLICATE_METHOD_MATCH = YES;
				CODE_SIGN_IDENTITY = "-";
				COPY_PHASE_STRIP = NO;
				DEBUG_INFORMATION_FORMAT = "dwarf-with-dsym";
				ENABLE_NS_ASSERTIONS = NO;
				ENABLE_STRICT_OBJC_MSGSEND = YES;
				GCC_C_LANGUAGE_STANDARD = gnu99;
				GCC_NO_COMMON_BLOCKS = YES;
				GCC_WARN_64_TO_32_BIT_CONVERSION = YES;
				GCC_WARN_ABOUT_RETURN_TYPE = YES_ERROR;
				GCC_WARN_UNDECLARED_SELECTOR = YES;
				GCC_WARN_UNINITIALIZED_AUTOS = YES_AGGRESSIVE;
				GCC_WARN_UNUSED_FUNCTION = YES;
				GCC_WARN_UNUSED_VARIABLE = YES;
				MACOSX_DEPLOYMENT_TARGET = 10.12;
				MTL_ENABLE_DEBUG_INFO = NO;
				SDKROOT = macosx;
				SWIFT_COMPILATION_MODE = wholemodule;
				SWIFT_VERSION = 5.0;
			};
			name = Release;
		};
		49DBD7611EB5339F00930C27 /* Debug */ = {
			isa = XCBuildConfiguration;
			buildSettings = {
				ALWAYS_EMBED_SWIFT_STANDARD_LIBRARIES = YES;
				ASSETCATALOG_COMPILER_APPICON_NAME = AppIcon;
				COMBINE_HIDPI_IMAGES = YES;
				DEVELOPMENT_TEAM = 2HFBY6N8ZN;
				INFOPLIST_FILE = Glint/Info.plist;
				LD_RUNPATH_SEARCH_PATHS = "$(inherited) @executable_path/../Frameworks";
				PRODUCT_BUNDLE_IDENTIFIER = io.glimpse.Glint.Glint;
				PRODUCT_NAME = "$(TARGET_NAME)";
			};
			name = Debug;
		};
		49DBD7621EB5339F00930C27 /* Release */ = {
			isa = XCBuildConfiguration;
			buildSettings = {
				ALWAYS_EMBED_SWIFT_STANDARD_LIBRARIES = YES;
				ASSETCATALOG_COMPILER_APPICON_NAME = AppIcon;
				COMBINE_HIDPI_IMAGES = YES;
				DEVELOPMENT_TEAM = 2HFBY6N8ZN;
				INFOPLIST_FILE = Glint/Info.plist;
				LD_RUNPATH_SEARCH_PATHS = "$(inherited) @executable_path/../Frameworks";
				PRODUCT_BUNDLE_IDENTIFIER = io.glimpse.Glint.Glint;
				PRODUCT_NAME = "$(TARGET_NAME)";
			};
			name = Release;
		};
		49DBD7641EB5339F00930C27 /* Debug */ = {
			isa = XCBuildConfiguration;
			buildSettings = {
				ALWAYS_EMBED_SWIFT_STANDARD_LIBRARIES = YES;
				BUNDLE_LOADER = "$(TEST_HOST)";
				COMBINE_HIDPI_IMAGES = YES;
				DEVELOPMENT_TEAM = 2HFBY6N8ZN;
				INFOPLIST_FILE = GlintTests/Info.plist;
				LD_RUNPATH_SEARCH_PATHS = "$(inherited) @executable_path/../Frameworks @loader_path/../Frameworks";
				PRODUCT_BUNDLE_IDENTIFIER = io.glimpse.Glint.GlintTests;
				PRODUCT_NAME = "$(TARGET_NAME)";
				TEST_HOST = "$(BUILT_PRODUCTS_DIR)/Glint.app/Contents/MacOS/Glint";
			};
			name = Debug;
		};
		49DBD7651EB5339F00930C27 /* Release */ = {
			isa = XCBuildConfiguration;
			buildSettings = {
				ALWAYS_EMBED_SWIFT_STANDARD_LIBRARIES = YES;
				BUNDLE_LOADER = "$(TEST_HOST)";
				COMBINE_HIDPI_IMAGES = YES;
				DEVELOPMENT_TEAM = 2HFBY6N8ZN;
				INFOPLIST_FILE = GlintTests/Info.plist;
				LD_RUNPATH_SEARCH_PATHS = "$(inherited) @executable_path/../Frameworks @loader_path/../Frameworks";
				PRODUCT_BUNDLE_IDENTIFIER = io.glimpse.Glint.GlintTests;
				PRODUCT_NAME = "$(TARGET_NAME)";
				TEST_HOST = "$(BUILT_PRODUCTS_DIR)/Glint.app/Contents/MacOS/Glint";
			};
			name = Release;
		};
		49DBD7671EB5339F00930C27 /* Debug */ = {
			isa = XCBuildConfiguration;
			buildSettings = {
				ALWAYS_EMBED_SWIFT_STANDARD_LIBRARIES = YES;
				COMBINE_HIDPI_IMAGES = YES;
				DEVELOPMENT_TEAM = 2HFBY6N8ZN;
				INFOPLIST_FILE = GlintUITests/Info.plist;
				LD_RUNPATH_SEARCH_PATHS = "$(inherited) @executable_path/../Frameworks @loader_path/../Frameworks";
				PRODUCT_BUNDLE_IDENTIFIER = io.glimpse.Glint.GlintUITests;
				PRODUCT_NAME = "$(TARGET_NAME)";
				TEST_TARGET_NAME = Glint;
			};
			name = Debug;
		};
		49DBD7681EB5339F00930C27 /* Release */ = {
			isa = XCBuildConfiguration;
			buildSettings = {
				ALWAYS_EMBED_SWIFT_STANDARD_LIBRARIES = YES;
				COMBINE_HIDPI_IMAGES = YES;
				DEVELOPMENT_TEAM = 2HFBY6N8ZN;
				INFOPLIST_FILE = GlintUITests/Info.plist;
				LD_RUNPATH_SEARCH_PATHS = "$(inherited) @executable_path/../Frameworks @loader_path/../Frameworks";
				PRODUCT_BUNDLE_IDENTIFIER = io.glimpse.Glint.GlintUITests;
				PRODUCT_NAME = "$(TARGET_NAME)";
				TEST_TARGET_NAME = Glint;
			};
			name = Release;
		};
		49DBD7861EB5368000930C27 /* Debug */ = {
			isa = XCBuildConfiguration;
			buildSettings = {
				CLANG_ENABLE_MODULES = YES;
				CODE_SIGN_IDENTITY = "";
				COMBINE_HIDPI_IMAGES = YES;
				CURRENT_PROJECT_VERSION = 1;
				DEFINES_MODULE = YES;
				DEVELOPMENT_TEAM = 2HFBY6N8ZN;
				DYLIB_COMPATIBILITY_VERSION = 1;
				DYLIB_CURRENT_VERSION = 1;
				DYLIB_INSTALL_NAME_BASE = "@rpath";
				FRAMEWORK_VERSION = A;
				INFOPLIST_FILE = Glintette/Info.plist;
				INSTALL_PATH = "$(LOCAL_LIBRARY_DIR)/Frameworks";
				LD_RUNPATH_SEARCH_PATHS = "$(inherited) @executable_path/../Frameworks @loader_path/Frameworks";
				PRODUCT_BUNDLE_IDENTIFIER = io.glimpse.Glint.Glintette;
				PRODUCT_NAME = "$(TARGET_NAME)";
				SKIP_INSTALL = YES;
				VERSIONING_SYSTEM = "apple-generic";
				VERSION_INFO_PREFIX = "";
			};
			name = Debug;
		};
		49DBD7871EB5368000930C27 /* Release */ = {
			isa = XCBuildConfiguration;
			buildSettings = {
				CLANG_ENABLE_MODULES = YES;
				CODE_SIGN_IDENTITY = "";
				COMBINE_HIDPI_IMAGES = YES;
				CURRENT_PROJECT_VERSION = 1;
				DEFINES_MODULE = YES;
				DEVELOPMENT_TEAM = 2HFBY6N8ZN;
				DYLIB_COMPATIBILITY_VERSION = 1;
				DYLIB_CURRENT_VERSION = 1;
				DYLIB_INSTALL_NAME_BASE = "@rpath";
				FRAMEWORK_VERSION = A;
				INFOPLIST_FILE = Glintette/Info.plist;
				INSTALL_PATH = "$(LOCAL_LIBRARY_DIR)/Frameworks";
				LD_RUNPATH_SEARCH_PATHS = "$(inherited) @executable_path/../Frameworks @loader_path/Frameworks";
				PRODUCT_BUNDLE_IDENTIFIER = io.glimpse.Glint.Glintette;
				PRODUCT_NAME = "$(TARGET_NAME)";
				SKIP_INSTALL = YES;
				VERSIONING_SYSTEM = "apple-generic";
				VERSION_INFO_PREFIX = "";
			};
			name = Release;
		};
		49DBD78A1EB5368000930C27 /* Debug */ = {
			isa = XCBuildConfiguration;
			buildSettings = {
				ALWAYS_EMBED_SWIFT_STANDARD_LIBRARIES = YES;
				COMBINE_HIDPI_IMAGES = YES;
				DEVELOPMENT_TEAM = 2HFBY6N8ZN;
				INFOPLIST_FILE = GlintetteTests/Info.plist;
				LD_RUNPATH_SEARCH_PATHS = "$(inherited) @executable_path/../Frameworks @loader_path/../Frameworks";
				PRODUCT_BUNDLE_IDENTIFIER = io.glimpse.Glint.GlintetteTests;
				PRODUCT_NAME = "$(TARGET_NAME)";
			};
			name = Debug;
		};
		49DBD78B1EB5368000930C27 /* Release */ = {
			isa = XCBuildConfiguration;
			buildSettings = {
				ALWAYS_EMBED_SWIFT_STANDARD_LIBRARIES = YES;
				COMBINE_HIDPI_IMAGES = YES;
				DEVELOPMENT_TEAM = 2HFBY6N8ZN;
				INFOPLIST_FILE = GlintetteTests/Info.plist;
				LD_RUNPATH_SEARCH_PATHS = "$(inherited) @executable_path/../Frameworks @loader_path/../Frameworks";
				PRODUCT_BUNDLE_IDENTIFIER = io.glimpse.Glint.GlintetteTests;
				PRODUCT_NAME = "$(TARGET_NAME)";
			};
			name = Release;
		};
/* End XCBuildConfiguration section */

/* Begin XCConfigurationList section */
		4966789A1EF3266A003698B7 /* Build configuration list for PBXNativeTarget "GlintModel" */ = {
			isa = XCConfigurationList;
			buildConfigurations = (
				4966789B1EF3266A003698B7 /* Debug */,
				4966789C1EF3266A003698B7 /* Release */,
			);
			defaultConfigurationIsVisible = 0;
			defaultConfigurationName = Release;
		};
		49DBD7341EB5339F00930C27 /* Build configuration list for PBXProject "Glint" */ = {
			isa = XCConfigurationList;
			buildConfigurations = (
				49DBD75E1EB5339F00930C27 /* Debug */,
				49DBD75F1EB5339F00930C27 /* Release */,
			);
			defaultConfigurationIsVisible = 0;
			defaultConfigurationName = Release;
		};
		49DBD7601EB5339F00930C27 /* Build configuration list for PBXNativeTarget "Glint" */ = {
			isa = XCConfigurationList;
			buildConfigurations = (
				49DBD7611EB5339F00930C27 /* Debug */,
				49DBD7621EB5339F00930C27 /* Release */,
			);
			defaultConfigurationIsVisible = 0;
			defaultConfigurationName = Release;
		};
		49DBD7631EB5339F00930C27 /* Build configuration list for PBXNativeTarget "GlintTests" */ = {
			isa = XCConfigurationList;
			buildConfigurations = (
				49DBD7641EB5339F00930C27 /* Debug */,
				49DBD7651EB5339F00930C27 /* Release */,
			);
			defaultConfigurationIsVisible = 0;
			defaultConfigurationName = Release;
		};
		49DBD7661EB5339F00930C27 /* Build configuration list for PBXNativeTarget "GlintUITests" */ = {
			isa = XCConfigurationList;
			buildConfigurations = (
				49DBD7671EB5339F00930C27 /* Debug */,
				49DBD7681EB5339F00930C27 /* Release */,
			);
			defaultConfigurationIsVisible = 0;
			defaultConfigurationName = Release;
		};
		49DBD7851EB5368000930C27 /* Build configuration list for PBXNativeTarget "Glintette" */ = {
			isa = XCConfigurationList;
			buildConfigurations = (
				49DBD7861EB5368000930C27 /* Debug */,
				49DBD7871EB5368000930C27 /* Release */,
			);
			defaultConfigurationIsVisible = 0;
			defaultConfigurationName = Release;
		};
		49DBD7891EB5368000930C27 /* Build configuration list for PBXNativeTarget "GlintetteTests" */ = {
			isa = XCConfigurationList;
			buildConfigurations = (
				49DBD78A1EB5368000930C27 /* Debug */,
				49DBD78B1EB5368000930C27 /* Release */,
			);
			defaultConfigurationIsVisible = 0;
			defaultConfigurationName = Release;
		};
/* End XCConfigurationList section */
	};
	rootObject = 49DBD7311EB5339F00930C27 /* Project object */;
}
